
Microsoft Visual Studio Solution File, Format Version 12.00
Project("{2150E333-8FDC-42A3-9474-1A3956D46DE8}") = "src", "src", "{9F28952C-9E31-4BAD-9EA7-393ED314234B}"
EndProject
Project("{F2A71F9B-5D33-465A-A702-920D77279786}") = "Logary", "src\Logary\Logary.fsproj", "{55399874-D8FA-48A2-A8E3-94AB4BA5C8C7}"
EndProject
Project("{F2A71F9B-5D33-465A-A702-920D77279786}") = "Logary.Tests", "src\Logary.Tests\Logary.Tests.fsproj", "{07B94E4A-084A-4DA4-8357-21E375A2E6BF}"
EndProject
Project("{2150E333-8FDC-42A3-9474-1A3956D46DE8}") = ".paket", ".paket", "{31F5ADE6-6D2C-4ADB-9A3C-4529B1253468}"
ProjectSection(SolutionItems) = preProject
	paket.lock = paket.lock
	paket.dependencies = paket.dependencies
EndProjectSection
EndProject
Project("{F2A71F9B-5D33-465A-A702-920D77279786}") = "Logary.Facade", "src\Logary.Facade\Logary.Facade.fsproj", "{D348EAAC-B359-499E-A68A-31173109ABCB}"
EndProject
Project("{F2A71F9B-5D33-465A-A702-920D77279786}") = "Logary.Adapters.Facade", "src\adapters\Logary.Adapters.Facade\Logary.Adapters.Facade.fsproj", "{C69D8AB2-4190-43D2-A04D-1483291DCA95}"
EndProject
Project("{F2A71F9B-5D33-465A-A702-920D77279786}") = "Logary.Adapters.Facade.Tests", "src\tests\Logary.Adapters.Facade.Tests\Logary.Adapters.Facade.Tests.fsproj", "{3BBAF0E4-9024-4E2F-B72D-23FE14FA4D17}"
EndProject
Project("{2150E333-8FDC-42A3-9474-1A3956D46DE8}") = "examples", "examples", "{83C15BBC-57DE-41B8-B120-B07072F7D4C8}"
EndProject
Project("{FAE04EC0-301F-11D3-BF4B-00C04F79EFBC}") = "Cibryy", "examples\Cibryy\Cibryy.csproj", "{3C5509C3-4A96-4F42-B1AD-0860E189BD80}"
EndProject
Project("{F2A71F9B-5D33-465A-A702-920D77279786}") = "Libryy", "examples\Libryy\Libryy.fsproj", "{EEDC4E13-9C8C-4DF4-887F-BEF17EE940BB}"
EndProject
Project("{F2A71F9B-5D33-465A-A702-920D77279786}") = "Logary.Facade.Tests", "src\Logary.Facade.Tests\Logary.Facade.Tests.fsproj", "{4D646024-6D9B-4F76-8CB0-71C74841BBCA}"
EndProject
Global
	GlobalSection(SolutionConfigurationPlatforms) = preSolution
		Debug|Any CPU = Debug|Any CPU
		Release|Any CPU = Release|Any CPU
	EndGlobalSection
	GlobalSection(NestedProjects) = preSolution
		{55399874-D8FA-48A2-A8E3-94AB4BA5C8C7} = {9F28952C-9E31-4BAD-9EA7-393ED314234B}
		{07B94E4A-084A-4DA4-8357-21E375A2E6BF} = {9F28952C-9E31-4BAD-9EA7-393ED314234B}
		{D348EAAC-B359-499E-A68A-31173109ABCB} = {9F28952C-9E31-4BAD-9EA7-393ED314234B}
		{C69D8AB2-4190-43D2-A04D-1483291DCA95} = {9F28952C-9E31-4BAD-9EA7-393ED314234B}
		{3BBAF0E4-9024-4E2F-B72D-23FE14FA4D17} = {9F28952C-9E31-4BAD-9EA7-393ED314234B}
		{3C5509C3-4A96-4F42-B1AD-0860E189BD80} = {83C15BBC-57DE-41B8-B120-B07072F7D4C8}
		{EEDC4E13-9C8C-4DF4-887F-BEF17EE940BB} = {83C15BBC-57DE-41B8-B120-B07072F7D4C8}
		{4D646024-6D9B-4F76-8CB0-71C74841BBCA} = {9F28952C-9E31-4BAD-9EA7-393ED314234B}
	EndGlobalSection
	GlobalSection(ProjectConfigurationPlatforms) = postSolution
		{55399874-D8FA-48A2-A8E3-94AB4BA5C8C7}.Debug|Any CPU.ActiveCfg = Debug|Any CPU
		{55399874-D8FA-48A2-A8E3-94AB4BA5C8C7}.Debug|Any CPU.Build.0 = Debug|Any CPU
		{55399874-D8FA-48A2-A8E3-94AB4BA5C8C7}.Release|Any CPU.ActiveCfg = Release|Any CPU
		{55399874-D8FA-48A2-A8E3-94AB4BA5C8C7}.Release|Any CPU.Build.0 = Release|Any CPU
		{07B94E4A-084A-4DA4-8357-21E375A2E6BF}.Debug|Any CPU.ActiveCfg = Debug|Any CPU
		{07B94E4A-084A-4DA4-8357-21E375A2E6BF}.Debug|Any CPU.Build.0 = Debug|Any CPU
		{07B94E4A-084A-4DA4-8357-21E375A2E6BF}.Release|Any CPU.ActiveCfg = Release|Any CPU
		{07B94E4A-084A-4DA4-8357-21E375A2E6BF}.Release|Any CPU.Build.0 = Release|Any CPU
		{D348EAAC-B359-499E-A68A-31173109ABCB}.Debug|Any CPU.ActiveCfg = Debug|Any CPU
		{D348EAAC-B359-499E-A68A-31173109ABCB}.Debug|Any CPU.Build.0 = Debug|Any CPU
		{D348EAAC-B359-499E-A68A-31173109ABCB}.Release|Any CPU.ActiveCfg = Release|Any CPU
		{D348EAAC-B359-499E-A68A-31173109ABCB}.Release|Any CPU.Build.0 = Release|Any CPU
		{C69D8AB2-4190-43D2-A04D-1483291DCA95}.Debug|Any CPU.ActiveCfg = Debug|Any CPU
		{C69D8AB2-4190-43D2-A04D-1483291DCA95}.Debug|Any CPU.Build.0 = Debug|Any CPU
		{C69D8AB2-4190-43D2-A04D-1483291DCA95}.Release|Any CPU.ActiveCfg = Release|Any CPU
		{C69D8AB2-4190-43D2-A04D-1483291DCA95}.Release|Any CPU.Build.0 = Release|Any CPU
		{3BBAF0E4-9024-4E2F-B72D-23FE14FA4D17}.Debug|Any CPU.ActiveCfg = Debug|Any CPU
		{3BBAF0E4-9024-4E2F-B72D-23FE14FA4D17}.Debug|Any CPU.Build.0 = Debug|Any CPU
		{3BBAF0E4-9024-4E2F-B72D-23FE14FA4D17}.Release|Any CPU.ActiveCfg = Release|Any CPU
		{3BBAF0E4-9024-4E2F-B72D-23FE14FA4D17}.Release|Any CPU.Build.0 = Release|Any CPU
		{3C5509C3-4A96-4F42-B1AD-0860E189BD80}.Debug|Any CPU.ActiveCfg = Debug|Any CPU
		{3C5509C3-4A96-4F42-B1AD-0860E189BD80}.Debug|Any CPU.Build.0 = Debug|Any CPU
		{3C5509C3-4A96-4F42-B1AD-0860E189BD80}.Release|Any CPU.ActiveCfg = Release|Any CPU
		{3C5509C3-4A96-4F42-B1AD-0860E189BD80}.Release|Any CPU.Build.0 = Release|Any CPU
		{EEDC4E13-9C8C-4DF4-887F-BEF17EE940BB}.Debug|Any CPU.ActiveCfg = Debug|Any CPU
		{EEDC4E13-9C8C-4DF4-887F-BEF17EE940BB}.Debug|Any CPU.Build.0 = Debug|Any CPU
		{EEDC4E13-9C8C-4DF4-887F-BEF17EE940BB}.Release|Any CPU.ActiveCfg = Release|Any CPU
		{EEDC4E13-9C8C-4DF4-887F-BEF17EE940BB}.Release|Any CPU.Build.0 = Release|Any CPU
		{4D646024-6D9B-4F76-8CB0-71C74841BBCA}.Debug|Any CPU.ActiveCfg = Debug|Any CPU
		{4D646024-6D9B-4F76-8CB0-71C74841BBCA}.Debug|Any CPU.Build.0 = Debug|Any CPU
		{4D646024-6D9B-4F76-8CB0-71C74841BBCA}.Release|Any CPU.ActiveCfg = Release|Any CPU
		{4D646024-6D9B-4F76-8CB0-71C74841BBCA}.Release|Any CPU.Build.0 = Release|Any CPU
	EndGlobalSection
EndGlobal
