
Microsoft Visual Studio Solution File, Format Version 12.00
Project("{2150E333-8FDC-42A3-9474-1A3956D46DE8}") = "src", "src", "{9F28952C-9E31-4BAD-9EA7-393ED314234B}"
EndProject
Project("{F2A71F9B-5D33-465A-A702-920D77279786}") = "Logary", "Logary\Logary.fsproj", "{55399874-D8FA-48A2-A8E3-94AB4BA5C8C7}"
EndProject
Project("{F2A71F9B-5D33-465A-A702-920D77279786}") = "Logary.Tests", "Logary.Tests\Logary.Tests.fsproj", "{07B94E4A-084A-4DA4-8357-21E375A2E6BF}"
EndProject
Project("{2150E333-8FDC-42A3-9474-1A3956D46DE8}") = "build", "build", "{31F5ADE6-6D2C-4ADB-9A3C-4529B1253468}"
ProjectSection(SolutionItems) = preProject
	..\paket.dependencies = ..\paket.dependencies
	..\build.fsx = ..\build.fsx
	..\Makefile = ..\Makefile
	..\paket.lock = ..\paket.lock
EndProjectSection
EndProject
Project("{2150E333-8FDC-42A3-9474-1A3956D46DE8}") = "ingestion", "ingestion", "{05B8BB9E-6548-4916-91FC-39BBC878C657}"
EndProject
Project("{FAE04EC0-301F-11D3-BF4B-00C04F79EFBC}") = "Logary.Ingestion.gRPC", "ingestion\Logary.Ingestion.gRPC\Logary.Ingestion.gRPC.csproj", "{DBA6585D-ADEA-40CE-81BD-28FDB1023353}"
EndProject
Project("{F2A71F9B-5D33-465A-A702-920D77279786}") = "Logary.Services.Rutta", "services\Logary.Services.Rutta\Logary.Services.Rutta.fsproj", "{176FB251-B1F6-481E-972C-F2694A42C724}"
EndProject
Project("{2150E333-8FDC-42A3-9474-1A3956D46DE8}") = "targets", "targets", "{8BA590E2-4F28-4029-9364-D49BFF3123BF}"
EndProject
Project("{F2A71F9B-5D33-465A-A702-920D77279786}") = "Logary.Targets.Jaeger", "targets\Logary.Targets.Jaeger\Logary.Targets.Jaeger.fsproj", "{19822F8A-4644-43BA-8A7E-E4B861FDA0A2}"
EndProject
Project("{2150E333-8FDC-42A3-9474-1A3956D46DE8}") = "adapters", "adapters", "{B432DC63-F18C-4A9E-9CAD-F7A4094D52E1}"
EndProject
Project("{F2A71F9B-5D33-465A-A702-920D77279786}") = "Logary.Targets.Shipper", "targets\Logary.Targets.Shipper\Logary.Targets.Shipper.fsproj", "{E381AE2B-8EAD-4F34-93BC-F77E6E4FDE6E}"
EndProject
Project("{F2A71F9B-5D33-465A-A702-920D77279786}") = "Logary.Ingestion.HTTP", "ingestion\Logary.Ingestion.HTTP\Logary.Ingestion.HTTP.fsproj", "{41C44673-FEC9-4B35-934F-F6D115F0D948}"
EndProject
Project("{F2A71F9B-5D33-465A-A702-920D77279786}") = "Logary.Adapters.AspNetCore", "adapters\Logary.Adapters.AspNetCore\Logary.Adapters.AspNetCore.fsproj", "{FD978198-C5C6-4521-A5FB-E44EBF93EE48}"
EndProject
Project("{F2A71F9B-5D33-465A-A702-920D77279786}") = "Logary.Ingestion.TCP", "ingestion\Logary.Ingestion.TCP\Logary.Ingestion.TCP.fsproj", "{73B15319-AAC5-4DE2-B1DF-83CA60E2B8B9}"
EndProject
Project("{F2A71F9B-5D33-465A-A702-920D77279786}") = "Logary.Ingestion.UDP", "ingestion\Logary.Ingestion.UDP\Logary.Ingestion.UDP.fsproj", "{297E1101-20DA-4AB3-A797-6592365BA860}"
EndProject
Project("{2150E333-8FDC-42A3-9474-1A3956D46DE8}") = "examples", "examples", "{25D48F17-B0A8-4F98-AE83-07F6E7AFDD3C}"
EndProject
Project("{F2A71F9B-5D33-465A-A702-920D77279786}") = "Logary.Giraffe", "..\examples\Logary.Giraffe\Logary.Giraffe.fsproj", "{854D2F88-B2DA-4C00-98B0-9D81D0860B04}"
EndProject
Project("{F2A71F9B-5D33-465A-A702-920D77279786}") = "Logary.Giraffe", "Logary.Giraffe\Logary.Giraffe.fsproj", "{793F0858-E9FE-4B78-B423-41F70E648988}"
EndProject
Project("{F2A71F9B-5D33-465A-A702-920D77279786}") = "Logary.Targets.Kafka", "targets\Logary.Targets.Kafka\Logary.Targets.Kafka.fsproj", "{AB076938-E370-4E78-80FC-250AFD6407E8}"
EndProject
Project("{F2A71F9B-5D33-465A-A702-920D77279786}") = "Logary.Services.Rutta.Tests", "services\Logary.Services.Rutta.Tests\Logary.Services.Rutta.Tests.fsproj", "{D43E58BF-8428-4889-BA15-9C8A9CFBB3D7}"
EndProject
Project("{F2A71F9B-5D33-465A-A702-920D77279786}") = "Logary.Targets.Elasticsearch", "targets\Logary.Targets.Elasticsearch\Logary.Targets.Elasticsearch.fsproj", "{CAC29DD8-2B38-40FA-A9A8-AFDB1B38FB6D}"
EndProject
Project("{F2A71F9B-5D33-465A-A702-920D77279786}") = "Logary.Targets.BigQuery", "targets\Logary.Targets.BigQuery\Logary.Targets.BigQuery.fsproj", "{80C2A652-ECB4-499F-BE4D-0E2F50EF8E41}"
EndProject
Project("{F2A71F9B-5D33-465A-A702-920D77279786}") = "Logary.Targets.BigQuery.Tests", "tests\Logary.Targets.BigQuery.Tests\Logary.Targets.BigQuery.Tests.fsproj", "{6B345402-B28F-49A5-BDCD-E39C50849309}"
EndProject
Project("{F2A71F9B-5D33-465A-A702-920D77279786}") = "Logary.Targets.Elasticsearch.Tests", "tests\Logary.Targets.Elasticsearch.Tests\Logary.Targets.Elasticsearch.Tests.fsproj", "{A71052A2-B275-41AB-8F7C-564C884F66F0}"
EndProject
Project("{F2A71F9B-5D33-465A-A702-920D77279786}") = "Logary.Targets.GooglePubSub", "targets\Logary.Targets.GooglePubSub\Logary.Targets.GooglePubSub.fsproj", "{01C07FD7-DC31-4FA4-AD83-8E391BB7131A}"
EndProject
Project("{F2A71F9B-5D33-465A-A702-920D77279786}") = "Logary.Targets.GooglePubSub.Tests", "tests\Logary.Targets.GooglePubSub.Tests\Logary.Targets.GooglePubSub.Tests.fsproj", "{F015FED4-73A7-4EF8-B2C7-01B4DE792AB0}"
EndProject
Global
	GlobalSection(SolutionConfigurationPlatforms) = preSolution
		Debug|Any CPU = Debug|Any CPU
		Release|Any CPU = Release|Any CPU
	EndGlobalSection
	GlobalSection(NestedProjects) = preSolution
		{55399874-D8FA-48A2-A8E3-94AB4BA5C8C7} = {9F28952C-9E31-4BAD-9EA7-393ED314234B}
		{07B94E4A-084A-4DA4-8357-21E375A2E6BF} = {9F28952C-9E31-4BAD-9EA7-393ED314234B}
		{DBA6585D-ADEA-40CE-81BD-28FDB1023353} = {05B8BB9E-6548-4916-91FC-39BBC878C657}
		{176FB251-B1F6-481E-972C-F2694A42C724} = {9F28952C-9E31-4BAD-9EA7-393ED314234B}
		{19822F8A-4644-43BA-8A7E-E4B861FDA0A2} = {8BA590E2-4F28-4029-9364-D49BFF3123BF}
		{E381AE2B-8EAD-4F34-93BC-F77E6E4FDE6E} = {8BA590E2-4F28-4029-9364-D49BFF3123BF}
		{41C44673-FEC9-4B35-934F-F6D115F0D948} = {05B8BB9E-6548-4916-91FC-39BBC878C657}
		{FD978198-C5C6-4521-A5FB-E44EBF93EE48} = {B432DC63-F18C-4A9E-9CAD-F7A4094D52E1}
		{73B15319-AAC5-4DE2-B1DF-83CA60E2B8B9} = {05B8BB9E-6548-4916-91FC-39BBC878C657}
		{297E1101-20DA-4AB3-A797-6592365BA860} = {05B8BB9E-6548-4916-91FC-39BBC878C657}
		{854D2F88-B2DA-4C00-98B0-9D81D0860B04} = {25D48F17-B0A8-4F98-AE83-07F6E7AFDD3C}
		{793F0858-E9FE-4B78-B423-41F70E648988} = {9F28952C-9E31-4BAD-9EA7-393ED314234B}
		{AB076938-E370-4E78-80FC-250AFD6407E8} = {8BA590E2-4F28-4029-9364-D49BFF3123BF}
		{D43E58BF-8428-4889-BA15-9C8A9CFBB3D7} = {9F28952C-9E31-4BAD-9EA7-393ED314234B}
		{CAC29DD8-2B38-40FA-A9A8-AFDB1B38FB6D} = {8BA590E2-4F28-4029-9364-D49BFF3123BF}
		{80C2A652-ECB4-499F-BE4D-0E2F50EF8E41} = {8BA590E2-4F28-4029-9364-D49BFF3123BF}
		{6B345402-B28F-49A5-BDCD-E39C50849309} = {8BA590E2-4F28-4029-9364-D49BFF3123BF}
		{A71052A2-B275-41AB-8F7C-564C884F66F0} = {8BA590E2-4F28-4029-9364-D49BFF3123BF}
		{01C07FD7-DC31-4FA4-AD83-8E391BB7131A} = {8BA590E2-4F28-4029-9364-D49BFF3123BF}
		{F015FED4-73A7-4EF8-B2C7-01B4DE792AB0} = {8BA590E2-4F28-4029-9364-D49BFF3123BF}
	EndGlobalSection
	GlobalSection(ProjectConfigurationPlatforms) = postSolution
		{55399874-D8FA-48A2-A8E3-94AB4BA5C8C7}.Debug|Any CPU.ActiveCfg = Debug|Any CPU
		{55399874-D8FA-48A2-A8E3-94AB4BA5C8C7}.Debug|Any CPU.Build.0 = Debug|Any CPU
		{55399874-D8FA-48A2-A8E3-94AB4BA5C8C7}.Release|Any CPU.ActiveCfg = Release|Any CPU
		{55399874-D8FA-48A2-A8E3-94AB4BA5C8C7}.Release|Any CPU.Build.0 = Release|Any CPU
		{07B94E4A-084A-4DA4-8357-21E375A2E6BF}.Debug|Any CPU.ActiveCfg = Debug|Any CPU
		{07B94E4A-084A-4DA4-8357-21E375A2E6BF}.Debug|Any CPU.Build.0 = Debug|Any CPU
		{07B94E4A-084A-4DA4-8357-21E375A2E6BF}.Release|Any CPU.ActiveCfg = Release|Any CPU
		{07B94E4A-084A-4DA4-8357-21E375A2E6BF}.Release|Any CPU.Build.0 = Release|Any CPU
		{DBA6585D-ADEA-40CE-81BD-28FDB1023353}.Debug|Any CPU.ActiveCfg = Debug|Any CPU
		{DBA6585D-ADEA-40CE-81BD-28FDB1023353}.Debug|Any CPU.Build.0 = Debug|Any CPU
		{DBA6585D-ADEA-40CE-81BD-28FDB1023353}.Release|Any CPU.ActiveCfg = Release|Any CPU
		{DBA6585D-ADEA-40CE-81BD-28FDB1023353}.Release|Any CPU.Build.0 = Release|Any CPU
		{176FB251-B1F6-481E-972C-F2694A42C724}.Debug|Any CPU.ActiveCfg = Debug|Any CPU
		{176FB251-B1F6-481E-972C-F2694A42C724}.Debug|Any CPU.Build.0 = Debug|Any CPU
		{176FB251-B1F6-481E-972C-F2694A42C724}.Release|Any CPU.ActiveCfg = Release|Any CPU
		{176FB251-B1F6-481E-972C-F2694A42C724}.Release|Any CPU.Build.0 = Release|Any CPU
		{19822F8A-4644-43BA-8A7E-E4B861FDA0A2}.Debug|Any CPU.ActiveCfg = Debug|Any CPU
		{19822F8A-4644-43BA-8A7E-E4B861FDA0A2}.Debug|Any CPU.Build.0 = Debug|Any CPU
		{19822F8A-4644-43BA-8A7E-E4B861FDA0A2}.Release|Any CPU.ActiveCfg = Release|Any CPU
		{19822F8A-4644-43BA-8A7E-E4B861FDA0A2}.Release|Any CPU.Build.0 = Release|Any CPU
		{E381AE2B-8EAD-4F34-93BC-F77E6E4FDE6E}.Debug|Any CPU.ActiveCfg = Debug|Any CPU
		{E381AE2B-8EAD-4F34-93BC-F77E6E4FDE6E}.Debug|Any CPU.Build.0 = Debug|Any CPU
		{E381AE2B-8EAD-4F34-93BC-F77E6E4FDE6E}.Release|Any CPU.ActiveCfg = Release|Any CPU
		{E381AE2B-8EAD-4F34-93BC-F77E6E4FDE6E}.Release|Any CPU.Build.0 = Release|Any CPU
		{41C44673-FEC9-4B35-934F-F6D115F0D948}.Debug|Any CPU.ActiveCfg = Debug|Any CPU
		{41C44673-FEC9-4B35-934F-F6D115F0D948}.Debug|Any CPU.Build.0 = Debug|Any CPU
		{41C44673-FEC9-4B35-934F-F6D115F0D948}.Release|Any CPU.ActiveCfg = Release|Any CPU
		{41C44673-FEC9-4B35-934F-F6D115F0D948}.Release|Any CPU.Build.0 = Release|Any CPU
		{FD978198-C5C6-4521-A5FB-E44EBF93EE48}.Debug|Any CPU.ActiveCfg = Debug|Any CPU
		{FD978198-C5C6-4521-A5FB-E44EBF93EE48}.Debug|Any CPU.Build.0 = Debug|Any CPU
		{FD978198-C5C6-4521-A5FB-E44EBF93EE48}.Release|Any CPU.ActiveCfg = Release|Any CPU
		{FD978198-C5C6-4521-A5FB-E44EBF93EE48}.Release|Any CPU.Build.0 = Release|Any CPU
		{73B15319-AAC5-4DE2-B1DF-83CA60E2B8B9}.Debug|Any CPU.ActiveCfg = Debug|Any CPU
		{73B15319-AAC5-4DE2-B1DF-83CA60E2B8B9}.Debug|Any CPU.Build.0 = Debug|Any CPU
		{73B15319-AAC5-4DE2-B1DF-83CA60E2B8B9}.Release|Any CPU.ActiveCfg = Release|Any CPU
		{73B15319-AAC5-4DE2-B1DF-83CA60E2B8B9}.Release|Any CPU.Build.0 = Release|Any CPU
		{297E1101-20DA-4AB3-A797-6592365BA860}.Debug|Any CPU.ActiveCfg = Debug|Any CPU
		{297E1101-20DA-4AB3-A797-6592365BA860}.Debug|Any CPU.Build.0 = Debug|Any CPU
		{297E1101-20DA-4AB3-A797-6592365BA860}.Release|Any CPU.ActiveCfg = Release|Any CPU
		{297E1101-20DA-4AB3-A797-6592365BA860}.Release|Any CPU.Build.0 = Release|Any CPU
		{854D2F88-B2DA-4C00-98B0-9D81D0860B04}.Debug|Any CPU.ActiveCfg = Debug|Any CPU
		{854D2F88-B2DA-4C00-98B0-9D81D0860B04}.Debug|Any CPU.Build.0 = Debug|Any CPU
		{854D2F88-B2DA-4C00-98B0-9D81D0860B04}.Release|Any CPU.ActiveCfg = Release|Any CPU
		{854D2F88-B2DA-4C00-98B0-9D81D0860B04}.Release|Any CPU.Build.0 = Release|Any CPU
		{793F0858-E9FE-4B78-B423-41F70E648988}.Debug|Any CPU.ActiveCfg = Debug|Any CPU
		{793F0858-E9FE-4B78-B423-41F70E648988}.Debug|Any CPU.Build.0 = Debug|Any CPU
		{793F0858-E9FE-4B78-B423-41F70E648988}.Release|Any CPU.ActiveCfg = Release|Any CPU
		{793F0858-E9FE-4B78-B423-41F70E648988}.Release|Any CPU.Build.0 = Release|Any CPU
		{AB076938-E370-4E78-80FC-250AFD6407E8}.Debug|Any CPU.ActiveCfg = Debug|Any CPU
		{AB076938-E370-4E78-80FC-250AFD6407E8}.Debug|Any CPU.Build.0 = Debug|Any CPU
		{AB076938-E370-4E78-80FC-250AFD6407E8}.Release|Any CPU.ActiveCfg = Release|Any CPU
		{AB076938-E370-4E78-80FC-250AFD6407E8}.Release|Any CPU.Build.0 = Release|Any CPU
		{D43E58BF-8428-4889-BA15-9C8A9CFBB3D7}.Debug|Any CPU.ActiveCfg = Debug|Any CPU
		{D43E58BF-8428-4889-BA15-9C8A9CFBB3D7}.Debug|Any CPU.Build.0 = Debug|Any CPU
		{D43E58BF-8428-4889-BA15-9C8A9CFBB3D7}.Release|Any CPU.ActiveCfg = Release|Any CPU
		{D43E58BF-8428-4889-BA15-9C8A9CFBB3D7}.Release|Any CPU.Build.0 = Release|Any CPU
		{CAC29DD8-2B38-40FA-A9A8-AFDB1B38FB6D}.Debug|Any CPU.ActiveCfg = Debug|Any CPU
		{CAC29DD8-2B38-40FA-A9A8-AFDB1B38FB6D}.Debug|Any CPU.Build.0 = Debug|Any CPU
		{CAC29DD8-2B38-40FA-A9A8-AFDB1B38FB6D}.Release|Any CPU.ActiveCfg = Release|Any CPU
		{CAC29DD8-2B38-40FA-A9A8-AFDB1B38FB6D}.Release|Any CPU.Build.0 = Release|Any CPU
		{80C2A652-ECB4-499F-BE4D-0E2F50EF8E41}.Debug|Any CPU.ActiveCfg = Debug|Any CPU
		{80C2A652-ECB4-499F-BE4D-0E2F50EF8E41}.Debug|Any CPU.Build.0 = Debug|Any CPU
		{80C2A652-ECB4-499F-BE4D-0E2F50EF8E41}.Release|Any CPU.ActiveCfg = Release|Any CPU
		{80C2A652-ECB4-499F-BE4D-0E2F50EF8E41}.Release|Any CPU.Build.0 = Release|Any CPU
		{6B345402-B28F-49A5-BDCD-E39C50849309}.Debug|Any CPU.ActiveCfg = Debug|Any CPU
		{6B345402-B28F-49A5-BDCD-E39C50849309}.Debug|Any CPU.Build.0 = Debug|Any CPU
		{6B345402-B28F-49A5-BDCD-E39C50849309}.Release|Any CPU.ActiveCfg = Release|Any CPU
		{6B345402-B28F-49A5-BDCD-E39C50849309}.Release|Any CPU.Build.0 = Release|Any CPU
		{A71052A2-B275-41AB-8F7C-564C884F66F0}.Debug|Any CPU.ActiveCfg = Debug|Any CPU
		{A71052A2-B275-41AB-8F7C-564C884F66F0}.Debug|Any CPU.Build.0 = Debug|Any CPU
		{A71052A2-B275-41AB-8F7C-564C884F66F0}.Release|Any CPU.ActiveCfg = Release|Any CPU
		{A71052A2-B275-41AB-8F7C-564C884F66F0}.Release|Any CPU.Build.0 = Release|Any CPU
		{01C07FD7-DC31-4FA4-AD83-8E391BB7131A}.Debug|Any CPU.ActiveCfg = Debug|Any CPU
		{01C07FD7-DC31-4FA4-AD83-8E391BB7131A}.Debug|Any CPU.Build.0 = Debug|Any CPU
		{01C07FD7-DC31-4FA4-AD83-8E391BB7131A}.Release|Any CPU.ActiveCfg = Release|Any CPU
		{01C07FD7-DC31-4FA4-AD83-8E391BB7131A}.Release|Any CPU.Build.0 = Release|Any CPU
		{F015FED4-73A7-4EF8-B2C7-01B4DE792AB0}.Debug|Any CPU.ActiveCfg = Debug|Any CPU
		{F015FED4-73A7-4EF8-B2C7-01B4DE792AB0}.Debug|Any CPU.Build.0 = Debug|Any CPU
		{F015FED4-73A7-4EF8-B2C7-01B4DE792AB0}.Release|Any CPU.ActiveCfg = Release|Any CPU
		{F015FED4-73A7-4EF8-B2C7-01B4DE792AB0}.Release|Any CPU.Build.0 = Release|Any CPU
	EndGlobalSection
EndGlobal
