
Microsoft Visual Studio Solution File, Format Version 12.00
# Visual Studio 2012
Project("{f2a71f9b-5d33-465a-a702-920d77279786}") = "FSharp.Actor-logary", "FSharp.Actor-logary\src\FSharp.Actor\FSharp.Actor-logary.fsproj", "{AA4BC25B-04F7-4B39-BF28-0B0058193ED9}"
EndProject
Project("{f2a71f9b-5d33-465a-a702-920d77279786}") = "Logary", "Logary\Logary.fsproj", "{F7E5B6E8-5D55-4974-9CA7-4C94D810631F}"
EndProject
Project("{f2a71f9b-5d33-465a-a702-920d77279786}") = "Logary.Tests", "tests\Logary.Tests\Logary.Tests.fsproj", "{886DFAE8-C01A-43E2-A275-7F1E41CA0342}"
EndProject
Project("{f2a71f9b-5d33-465a-a702-920d77279786}") = "Logary.Targets.Logstash", "targets\Logary.Targets.Logstash\Logary.Targets.Logstash.fsproj", "{F9AAC195-D3F7-4160-A829-5F9775791AD5}"
EndProject
Project("{f2a71f9b-5d33-465a-a702-920d77279786}") = "Logary.Targets.Logstash.Tests", "tests\Logary.Targets.Logstash.Tests\Logary.Targets.Logstash.Tests.fsproj", "{D30C57E7-BA12-4E95-BCF2-8BE5B0EF9D56}"
EndProject
Global
	GlobalSection(SolutionConfigurationPlatforms) = preSolution
		Debug|Any CPU = Debug|Any CPU
		Release|Any CPU = Release|Any CPU
	EndGlobalSection
	GlobalSection(ProjectConfigurationPlatforms) = postSolution
		{886DFAE8-C01A-43E2-A275-7F1E41CA0342}.Debug|Any CPU.ActiveCfg = Release|Any CPU
		{886DFAE8-C01A-43E2-A275-7F1E41CA0342}.Debug|Any CPU.Build.0 = Release|Any CPU
		{886DFAE8-C01A-43E2-A275-7F1E41CA0342}.Release|Any CPU.ActiveCfg = Release|Any CPU
		{886DFAE8-C01A-43E2-A275-7F1E41CA0342}.Release|Any CPU.Build.0 = Release|Any CPU
		{AA4BC25B-04F7-4B39-BF28-0B0058193ED9}.Debug|Any CPU.ActiveCfg = Debug|Any CPU
		{AA4BC25B-04F7-4B39-BF28-0B0058193ED9}.Debug|Any CPU.Build.0 = Debug|Any CPU
		{AA4BC25B-04F7-4B39-BF28-0B0058193ED9}.Release|Any CPU.ActiveCfg = Release|Any CPU
		{AA4BC25B-04F7-4B39-BF28-0B0058193ED9}.Release|Any CPU.Build.0 = Release|Any CPU
		{D30C57E7-BA12-4E95-BCF2-8BE5B0EF9D56}.Debug|Any CPU.ActiveCfg = Debug|Any CPU
		{D30C57E7-BA12-4E95-BCF2-8BE5B0EF9D56}.Debug|Any CPU.Build.0 = Debug|Any CPU
		{D30C57E7-BA12-4E95-BCF2-8BE5B0EF9D56}.Release|Any CPU.ActiveCfg = Release|Any CPU
		{D30C57E7-BA12-4E95-BCF2-8BE5B0EF9D56}.Release|Any CPU.Build.0 = Release|Any CPU
		{F7E5B6E8-5D55-4974-9CA7-4C94D810631F}.Debug|Any CPU.ActiveCfg = Debug|Any CPU
		{F7E5B6E8-5D55-4974-9CA7-4C94D810631F}.Debug|Any CPU.Build.0 = Debug|Any CPU
		{F7E5B6E8-5D55-4974-9CA7-4C94D810631F}.Release|Any CPU.ActiveCfg = Release|Any CPU
		{F7E5B6E8-5D55-4974-9CA7-4C94D810631F}.Release|Any CPU.Build.0 = Release|Any CPU
		{F9AAC195-D3F7-4160-A829-5F9775791AD5}.Debug|Any CPU.ActiveCfg = Debug|Any CPU
		{F9AAC195-D3F7-4160-A829-5F9775791AD5}.Debug|Any CPU.Build.0 = Debug|Any CPU
		{F9AAC195-D3F7-4160-A829-5F9775791AD5}.Release|Any CPU.ActiveCfg = Release|Any CPU
		{F9AAC195-D3F7-4160-A829-5F9775791AD5}.Release|Any CPU.Build.0 = Release|Any CPU
	EndGlobalSection
EndGlobal
