
Microsoft Visual Studio Solution File, Format Version 12.00
Project("{2150E333-8FDC-42A3-9474-1A3956D46DE8}") = "src", "src", "{9F28952C-9E31-4BAD-9EA7-393ED314234B}"
EndProject
Project("{F2A71F9B-5D33-465A-A702-920D77279786}") = "Logary", "Logary\Logary.fsproj", "{55399874-D8FA-48A2-A8E3-94AB4BA5C8C7}"
EndProject
Project("{F2A71F9B-5D33-465A-A702-920D77279786}") = "Logary.Tests", "Logary.Tests\Logary.Tests.fsproj", "{07B94E4A-084A-4DA4-8357-21E375A2E6BF}"
EndProject
Project("{2150E333-8FDC-42A3-9474-1A3956D46DE8}") = ".paket", ".paket", "{31F5ADE6-6D2C-4ADB-9A3C-4529B1253468}"
ProjectSection(SolutionItems) = preProject
	paket.lock = paket.lock
	paket.dependencies = paket.dependencies
EndProjectSection
EndProject
Project("{2150E333-8FDC-42A3-9474-1A3956D46DE8}") = "examples", "..\examples", "{83C15BBC-57DE-41B8-B120-B07072F7D4C8}"
EndProject
Project("{FAE04EC0-301F-11D3-BF4B-00C04F79EFBC}") = "Cibryy", "..\examples\Cibryy\Cibryy.csproj", "{3C5509C3-4A96-4F42-B1AD-0860E189BD80}"
EndProject
Project("{F2A71F9B-5D33-465A-A702-920D77279786}") = "Libryy", "..\examples\Libryy\Libryy.fsproj", "{EEDC4E13-9C8C-4DF4-887F-BEF17EE940BB}"
EndProject
Project("{2150E333-8FDC-42A3-9474-1A3956D46DE8}") = "ingestion", "ingestion", "{05B8BB9E-6548-4916-91FC-39BBC878C657}"
EndProject
Project("{FAE04EC0-301F-11D3-BF4B-00C04F79EFBC}") = "Logary.Ingestion.gRPC", "ingestion\Logary.Ingestion.gRPC\Logary.Ingestion.gRPC.csproj", "{DBA6585D-ADEA-40CE-81BD-28FDB1023353}"
EndProject
Project("{F2A71F9B-5D33-465A-A702-920D77279786}") = "Logary.Services.Rutta", "services\Logary.Services.Rutta\Logary.Services.Rutta.fsproj", "{176FB251-B1F6-481E-972C-F2694A42C724}"
EndProject
Project("{2150E333-8FDC-42A3-9474-1A3956D46DE8}") = "targets", "targets", "{8BA590E2-4F28-4029-9364-D49BFF3123BF}"
EndProject
Project("{F2A71F9B-5D33-465A-A702-920D77279786}") = "Logary.Targets.Jaeger", "targets\Logary.Targets.Jaeger\Logary.Targets.Jaeger.fsproj", "{19822F8A-4644-43BA-8A7E-E4B861FDA0A2}"
EndProject
Global
	GlobalSection(SolutionConfigurationPlatforms) = preSolution
		Debug|Any CPU = Debug|Any CPU
		Release|Any CPU = Release|Any CPU
	EndGlobalSection
	GlobalSection(NestedProjects) = preSolution
		{55399874-D8FA-48A2-A8E3-94AB4BA5C8C7} = {9F28952C-9E31-4BAD-9EA7-393ED314234B}
		{07B94E4A-084A-4DA4-8357-21E375A2E6BF} = {9F28952C-9E31-4BAD-9EA7-393ED314234B}
		{3C5509C3-4A96-4F42-B1AD-0860E189BD80} = {83C15BBC-57DE-41B8-B120-B07072F7D4C8}
		{EEDC4E13-9C8C-4DF4-887F-BEF17EE940BB} = {83C15BBC-57DE-41B8-B120-B07072F7D4C8}
		{DBA6585D-ADEA-40CE-81BD-28FDB1023353} = {05B8BB9E-6548-4916-91FC-39BBC878C657}
		{176FB251-B1F6-481E-972C-F2694A42C724} = {9F28952C-9E31-4BAD-9EA7-393ED314234B}
		{19822F8A-4644-43BA-8A7E-E4B861FDA0A2} = {8BA590E2-4F28-4029-9364-D49BFF3123BF}
	EndGlobalSection
	GlobalSection(ProjectConfigurationPlatforms) = postSolution
		{55399874-D8FA-48A2-A8E3-94AB4BA5C8C7}.Debug|Any CPU.ActiveCfg = Debug|Any CPU
		{55399874-D8FA-48A2-A8E3-94AB4BA5C8C7}.Debug|Any CPU.Build.0 = Debug|Any CPU
		{55399874-D8FA-48A2-A8E3-94AB4BA5C8C7}.Release|Any CPU.ActiveCfg = Release|Any CPU
		{55399874-D8FA-48A2-A8E3-94AB4BA5C8C7}.Release|Any CPU.Build.0 = Release|Any CPU
		{07B94E4A-084A-4DA4-8357-21E375A2E6BF}.Debug|Any CPU.ActiveCfg = Debug|Any CPU
		{07B94E4A-084A-4DA4-8357-21E375A2E6BF}.Debug|Any CPU.Build.0 = Debug|Any CPU
		{07B94E4A-084A-4DA4-8357-21E375A2E6BF}.Release|Any CPU.ActiveCfg = Release|Any CPU
		{07B94E4A-084A-4DA4-8357-21E375A2E6BF}.Release|Any CPU.Build.0 = Release|Any CPU
		{3C5509C3-4A96-4F42-B1AD-0860E189BD80}.Debug|Any CPU.ActiveCfg = Debug|Any CPU
		{3C5509C3-4A96-4F42-B1AD-0860E189BD80}.Debug|Any CPU.Build.0 = Debug|Any CPU
		{3C5509C3-4A96-4F42-B1AD-0860E189BD80}.Release|Any CPU.ActiveCfg = Release|Any CPU
		{3C5509C3-4A96-4F42-B1AD-0860E189BD80}.Release|Any CPU.Build.0 = Release|Any CPU
		{EEDC4E13-9C8C-4DF4-887F-BEF17EE940BB}.Debug|Any CPU.ActiveCfg = Debug|Any CPU
		{EEDC4E13-9C8C-4DF4-887F-BEF17EE940BB}.Debug|Any CPU.Build.0 = Debug|Any CPU
		{EEDC4E13-9C8C-4DF4-887F-BEF17EE940BB}.Release|Any CPU.ActiveCfg = Release|Any CPU
		{EEDC4E13-9C8C-4DF4-887F-BEF17EE940BB}.Release|Any CPU.Build.0 = Release|Any CPU
		{DBA6585D-ADEA-40CE-81BD-28FDB1023353}.Debug|Any CPU.ActiveCfg = Debug|Any CPU
		{DBA6585D-ADEA-40CE-81BD-28FDB1023353}.Debug|Any CPU.Build.0 = Debug|Any CPU
		{DBA6585D-ADEA-40CE-81BD-28FDB1023353}.Release|Any CPU.ActiveCfg = Release|Any CPU
		{DBA6585D-ADEA-40CE-81BD-28FDB1023353}.Release|Any CPU.Build.0 = Release|Any CPU
		{176FB251-B1F6-481E-972C-F2694A42C724}.Debug|Any CPU.ActiveCfg = Debug|Any CPU
		{176FB251-B1F6-481E-972C-F2694A42C724}.Debug|Any CPU.Build.0 = Debug|Any CPU
		{176FB251-B1F6-481E-972C-F2694A42C724}.Release|Any CPU.ActiveCfg = Release|Any CPU
		{176FB251-B1F6-481E-972C-F2694A42C724}.Release|Any CPU.Build.0 = Release|Any CPU
		{19822F8A-4644-43BA-8A7E-E4B861FDA0A2}.Debug|Any CPU.ActiveCfg = Debug|Any CPU
		{19822F8A-4644-43BA-8A7E-E4B861FDA0A2}.Debug|Any CPU.Build.0 = Debug|Any CPU
		{19822F8A-4644-43BA-8A7E-E4B861FDA0A2}.Release|Any CPU.ActiveCfg = Release|Any CPU
		{19822F8A-4644-43BA-8A7E-E4B861FDA0A2}.Release|Any CPU.Build.0 = Release|Any CPU
	EndGlobalSection
EndGlobal
