Microsoft Visual Studio Solution File, Format Version 12.00
# Visual Studio 15
VisualStudioVersion = 15.0.26403.7
MinimumVisualStudioVersion = 10.0.40219.1
Project("{2150E333-8FDC-42A3-9474-1A3956D46DE8}") = ".paket", ".paket", "{CB6B0EE7-19B3-4253-A1DA-B195C64C0AE6}"
	ProjectSection(SolutionItems) = preProject
		..\paket.dependencies = ..\paket.dependencies
		..\paket.lock = ..\paket.lock
		..\RELEASE_NOTES.md = ..\RELEASE_NOTES.md
		..\README.md = ..\README.md
		..\.editorconfig = ..\.editorconfig
		..\build.fsx = ..\build.fsx
	EndProjectSection
EndProject
Project("{2150E333-8FDC-42A3-9474-1A3956D46DE8}") = "docs", "docs", "{4FC4A3AC-CC29-4B8E-8E24-DCAA447AC1F0}"
	ProjectSection(SolutionItems) = preProject
		..\.editorconfig = ..\.editorconfig
		..\README.md = ..\README.md
		..\LICENSE.md = ..\LICENSE.md
	EndProjectSection
EndProject
Project("{2150E333-8FDC-42A3-9474-1A3956D46DE8}") = "targets", "targets", "{978EDEA3-ABF9-4EC9-A864-1D425E18CFE6}"
EndProject
Project("{2150E333-8FDC-42A3-9474-1A3956D46DE8}") = "adapters", "adapters", "{56BB77A4-DF59-49EC-92E6-C9CA2C2E9FDE}"
EndProject
Project("{2150E333-8FDC-42A3-9474-1A3956D46DE8}") = "examples", "examples", "{60FC06B0-58BB-4D96-96FE-FD92EA4BAA5E}"
EndProject
Project("{2150E333-8FDC-42A3-9474-1A3956D46DE8}") = "core", "core", "{EA09AD42-B4E2-4B0D-8960-E87277F46F04}"
EndProject
Project("{F2A71F9B-5D33-465A-A702-920D77279786}") = "Logary.Adapters.Topshelf", "adapters\Logary.Adapters.Topshelf\Logary.Adapters.Topshelf.fsproj", "{887CF8ED-4EEE-499B-B8D3-59EDA8A64BBF}"
EndProject
Project("{F2A71F9B-5D33-465A-A702-920D77279786}") = "Logary.Adapters.NLog", "adapters\Logary.Adapters.NLog\Logary.Adapters.NLog.fsproj", "{0F5BEF2F-4F6B-4E4A-A0BB-0255F177C71D}"
EndProject
Project("{F2A71F9B-5D33-465A-A702-920D77279786}") = "Logary.ConsoleApp", "..\examples\Logary.ConsoleApp\Logary.ConsoleApp.fsproj", "{178B23D3-F676-43C3-880D-9E0BEFBAF019}"
EndProject
Project("{F2A71F9B-5D33-465A-A702-920D77279786}") = "Logary.Tests", "Logary.Tests\Logary.Tests.fsproj", "{886DFAE8-C01A-43E2-A275-7F1E41CA0342}"
EndProject
Project("{F2A71F9B-5D33-465A-A702-920D77279786}") = "Logary", "Logary\Logary.fsproj", "{F7E5B6E8-5D55-4974-9CA7-4C94D810631F}"
EndProject
Project("{FAE04EC0-301F-11D3-BF4B-00C04F79EFBC}") = "Logary.CSharp.Tests", "Logary.CSharp.Tests\Logary.CSharp.Tests.csproj", "{A85B6894-33A4-4645-848D-D4D4D413A0C5}"
EndProject
Project("{F2A71F9B-5D33-465A-A702-920D77279786}") = "Logary.Adapters.Facade", "adapters\Logary.Adapters.Facade\Logary.Adapters.Facade.fsproj", "{15226ED2-C66B-4AA2-B15D-ACFF8A45454A}"
EndProject
Project("{F2A71F9B-5D33-465A-A702-920D77279786}") = "Logary.Facade", "Logary.Facade\Logary.Facade.fsproj", "{FDA71626-E557-4D33-842F-2C4611768538}"
EndProject
Project("{F2A71F9B-5D33-465A-A702-920D77279786}") = "Logary.Targets.InfluxDb", "targets\Logary.Targets.InfluxDb\Logary.Targets.InfluxDb.fsproj", "{4ACE8A29-6D75-4956-B45C-22C82EAFCFD5}"
EndProject
Project("{F2A71F9B-5D33-465A-A702-920D77279786}") = "Logary.Targets.InfluxDb.Tests", "tests\Logary.Targets.InfluxDb.Tests\Logary.Targets.InfluxDb.Tests.fsproj", "{647D929B-4ACE-4099-A25F-D7FF06588F88}"
EndProject
Project("{F2A71F9B-5D33-465A-A702-920D77279786}") = "Logary.Facade.Tests", "Logary.Facade.Tests\Logary.Facade.Tests.fsproj", "{643498E7-F0DC-4665-9EA9-FB3EBF0F6A88}"
EndProject
Project("{F2A71F9B-5D33-465A-A702-920D77279786}") = "Logary.Adapters.Facade.Tests", "tests\Logary.Adapters.Facade.Tests\Logary.Adapters.Facade.Tests.fsproj", "{2B2FCE14-8E8D-407A-81FD-D648B0A1AA74}"
EndProject
Project("{F2A71F9B-5D33-465A-A702-920D77279786}") = "Servizz", "..\examples\Servizz\Servizz.fsproj", "{AF0A49FA-0DD6-4BEB-B271-4B179C9B76DC}"
EndProject
Project("{F2A71F9B-5D33-465A-A702-920D77279786}") = "Libryy", "..\examples\Libryy\Libryy.fsproj", "{A64CF176-66D8-459F-BF45-AF5B5C3098A2}"
EndProject
Project("{F2A71F9B-5D33-465A-A702-920D77279786}") = "Logary.Targets.ElasticSearch", "targets\Logary.Targets.ElasticSearch\Logary.Targets.ElasticSearch.fsproj", "{64A5B3B2-0F73-44B5-A178-C66A9DB830D6}"
EndProject
Project("{F2A71F9B-5D33-465A-A702-920D77279786}") = "Logary.Targets.ElasticSearch.Tests", "tests\Logary.Targets.ElasticSearch.Tests\Logary.Targets.ElasticSearch.Tests.fsproj", "{2A4CB8E9-C123-4E07-A814-CF6B74FFC87D}"
EndProject
Project("{F2A71F9B-5D33-465A-A702-920D77279786}") = "Logary.Targets.RabbitMQ", "targets\Logary.Targets.RabbitMQ\Logary.Targets.RabbitMQ.fsproj", "{FE1BC08F-A41A-41CC-9F03-996EA9B3B477}"
EndProject
Project("{F2A71F9B-5D33-465A-A702-920D77279786}") = "Logary.Targets.ElmahIO", "targets\Logary.Targets.ElmahIO\Logary.Targets.ElmahIO.fsproj", "{BEE0293D-C090-48A4-867D-5B40F4C8D35F}"
EndProject
Project("{FAE04EC0-301F-11D3-BF4B-00C04F79EFBC}") = "Logary.CSharpExample", "..\examples\Logary.CSharpExample\Logary.CSharpExample.csproj", "{1C1A1003-40E3-4C79-A24B-0FC8667E6D28}"
EndProject
Project("{F2A71F9B-5D33-465A-A702-920D77279786}") = "Logary.Targets.ElmahIO.Tests", "tests\Logary.Targets.ElmahIO.Tests\Logary.Targets.ElmahIO.Tests.fsproj", "{E243DC23-2B01-4050-AB68-8354D00F354D}"
EndProject
Project("{FAE04EC0-301F-11D3-BF4B-00C04F79EFBC}") = "Cibryy", "..\examples\Cibryy\Cibryy.csproj", "{3C5509C3-4A96-4F42-B1AD-0860E189BD80}"
EndProject
Project("{FAE04EC0-301F-11D3-BF4B-00C04F79EFBC}") = "Logary.CSharp.Facade", "Logary.CSharp.Facade\Logary.CSharp.Facade.csproj", "{11535E76-9262-4A5C-8863-1BA688C78473}"
EndProject
Project("{F2A71F9B-5D33-465A-A702-920D77279786}") = "Logary.Targets.Stackdriver.Tests", "tests\Logary.Targets.Stackdriver.Tests\Logary.Targets.Stackdriver.Tests.fsproj", "{588510C5-5263-43E7-979B-B7B322F740EF}"
EndProject
Project("{F2A71F9B-5D33-465A-A702-920D77279786}") = "Logary.Targets.Stackdriver", "targets\Logary.Targets.Stackdriver\Logary.Targets.Stackdriver.fsproj", "{BA02296C-41A5-449D-A724-68CEA527E0E2}"
EndProject
Project("{F2A71F9B-5D33-465A-A702-920D77279786}") = "Logary.Targets.ApplicationInsights", "targets\Logary.Targets.ApplicationInsights\Logary.Targets.ApplicationInsights.fsproj", "{7BB17E1A-6318-449D-8193-5FFAA7DC9C49}"
EndProject
Project("{F2A71F9B-5D33-465A-A702-920D77279786}") = "Logary.Targets.AliYun", "targets\Logary.Targets.AliYun\Logary.Targets.AliYun.fsproj", "{478D2597-9521-4BD2-A6DE-4DFCDF2F87E0}"
EndProject
Project("{FAE04EC0-301F-11D3-BF4B-00C04F79EFBC}") = "Logary.CSharp", "Logary.CSharp\Logary.CSharp.csproj", "{26FD79BD-2329-41B6-A86D-8F3992437CBE}"
EndProject
Project("{F2A71F9B-5D33-465A-A702-920D77279786}") = "Logary.Suave", "..\examples\Logary.Suave\Logary.Suave.fsproj", "{1721A791-AC1F-4F79-9E1D-AB8F125B85BF}"
EndProject
Project("{2150E333-8FDC-42A3-9474-1A3956D46DE8}") = "ingestion", "ingestion", "{7B088401-ACED-40A5-9DC7-9E64523CE77C}"
EndProject
Project("{F2A71F9B-5D33-465A-A702-920D77279786}") = "Logary.Ingestion.HTTP", "ingestion\Logary.Ingestion.HTTP\Logary.Ingestion.HTTP.fsproj", "{6BD97E30-0907-41E0-944D-5FD6A8B40589}"
EndProject
Project("{F2A71F9B-5D33-465A-A702-920D77279786}") = "Logary.Targets.RabbitMQ.Tests", "tests\Logary.Targets.RabbitMQ.Tests\Logary.Targets.RabbitMQ.Tests.fsproj", "{D602679F-9786-49BA-A970-D81C64CB2096}"
EndProject
Project("{F2A71F9B-5D33-465A-A702-920D77279786}") = "Logary.Targets.Mixpanel", "targets\Logary.Targets.Mixpanel\Logary.Targets.Mixpanel.fsproj", "{32B00125-618F-4330-875F-A541BA827BF9}"
EndProject
Project("{F2A71F9B-5D33-465A-A702-920D77279786}") = "Logary.Targets.Mixpanel.Tests", "tests\Logary.Targets.Mixpanel.Tests\Logary.Targets.Mixpanel.Tests.fsproj", "{66DF3F77-5ECD-4141-B4E8-993E8040FEBB}"
EndProject
Project("{F2A71F9B-5D33-465A-A702-920D77279786}") = "Logary.Targets.OpsGenie", "targets\Logary.Targets.OpsGenie\Logary.Targets.OpsGenie.fsproj", "{8EF6FFD7-5238-4CCA-A5FC-46161DA1C2F5}"
EndProject
Project("{F2A71F9B-5D33-465A-A702-920D77279786}") = "Logary.Targets.OpsGenie.Tests", "tests\Logary.Targets.OpsGenie.Tests\Logary.Targets.OpsGenie.Tests.fsproj", "{52038D8A-986F-4DB1-BDF3-BD878F0E5D4C}"
EndProject
Project("{F2A71F9B-5D33-465A-A702-920D77279786}") = "Logary.Ingestion.UDP", "ingestion\Logary.Ingestion.UDP\Logary.Ingestion.UDP.fsproj", "{E1AE3903-1CE8-4418-ADEC-A4962FA238EF}"
EndProject
Project("{F2A71F9B-5D33-465A-A702-920D77279786}") = "Logary.Adapters.EventStore", "adapters\Logary.Adapters.EventStore\Logary.Adapters.EventStore.fsproj", "{C00D180A-AF3C-401F-9A2A-47FC1FDCAF05}"
EndProject
Project("{2150E333-8FDC-42A3-9474-1A3956D46DE8}") = "services", "services", "{45AD4DB5-AE45-447D-9389-A4DF16AF8F44}"
EndProject
Project("{F2A71F9B-5D33-465A-A702-920D77279786}") = "Logary.Services.Rutta", "services\Logary.Services.Rutta\Logary.Services.Rutta.fsproj", "{0F4BCDA0-DC72-499B-BE44-AA8F562BCFAE}"
EndProject
Project("{F2A71F9B-5D33-465A-A702-920D77279786}") = "Logary.Targets.Shipper", "targets\Logary.Targets.Shipper\Logary.Targets.Shipper.fsproj", "{2FA9E1EE-902C-442E-8905-A49DD0145CE8}"
EndProject
Project("{F2A71F9B-5D33-465A-A702-920D77279786}") = "Logary.Services.Rutta.Tests", "services\Logary.Services.Rutta.Tests\Logary.Services.Rutta.Tests.fsproj", "{6E70C4BE-5354-484B-AC71-91936DCCA4F2}"
EndProject
Project("{2150E333-8FDC-42A3-9474-1A3956D46DE8}") = "build", "build", "{A275B1A2-1974-4CE3-BE9A-E719E7B317C2}"
ProjectSection(SolutionItems) = preProject
	..\RELEASE_NOTES.md = ..\RELEASE_NOTES.md
	..\build.fsx = ..\build.fsx
	..\appveyor.yml = ..\appveyor.yml
EndProjectSection
EndProject
Project("{2150E333-8FDC-42A3-9474-1A3956D46DE8}") = "licenses", "licenses", "{5CA272A8-9745-4680-B926-BE759CB551DD}"
ProjectSection(SolutionItems) = preProject
	..\licenses\Apache-2.0.md = ..\licenses\Apache-2.0.md
EndProjectSection
EndProject
Project("{F2A71F9B-5D33-465A-A702-920D77279786}") = "Logary.Targets.Jaeger", "targets\Logary.Targets.Jaeger\Logary.Targets.Jaeger.fsproj", "{95FA23BE-49AB-4721-A099-6B73B4E2C0D5}"
EndProject
Project("{F2A71F9B-5D33-465A-A702-920D77279786}") = "Logary.Adapters.AspNetCore", "adapters\Logary.Adapters.AspNetCore\Logary.Adapters.AspNetCore.fsproj", "{B7BD505B-66D2-40B5-863C-8975032C2AE3}"
EndProject
Project("{F2A71F9B-5D33-465A-A702-920D77279786}") = "Logary.Targets.Jaeger.Tests", "tests\Logary.Targets.Jaeger.Tests\Logary.Targets.Jaeger.Tests.fsproj", "{9ACC2DBA-BBE1-414F-AEB0-57CD9768875A}"
EndProject
Project("{2150E333-8FDC-42A3-9474-1A3956D46DE8}") = "rutta-helm-chart", "rutta-helm-chart", "{D64D7F8D-F4D5-4873-98BE-5427756F63D4}"
ProjectSection(SolutionItems) = preProject
	services\rutta-helm-chart\values.yaml = services\rutta-helm-chart\values.yaml
EndProjectSection
EndProject
Global
	GlobalSection(SolutionConfigurationPlatforms) = preSolution
		Debug|Any CPU = Debug|Any CPU
		Release|Any CPU = Release|Any CPU
	EndGlobalSection
	GlobalSection(ProjectConfigurationPlatforms) = postSolution
		{887CF8ED-4EEE-499B-B8D3-59EDA8A64BBF}.Debug|Any CPU.ActiveCfg = Debug|Any CPU
		{887CF8ED-4EEE-499B-B8D3-59EDA8A64BBF}.Debug|Any CPU.Build.0 = Debug|Any CPU
		{887CF8ED-4EEE-499B-B8D3-59EDA8A64BBF}.Release|Any CPU.ActiveCfg = Release|Any CPU
		{887CF8ED-4EEE-499B-B8D3-59EDA8A64BBF}.Release|Any CPU.Build.0 = Release|Any CPU
		{0F5BEF2F-4F6B-4E4A-A0BB-0255F177C71D}.Debug|Any CPU.ActiveCfg = Debug|Any CPU
		{0F5BEF2F-4F6B-4E4A-A0BB-0255F177C71D}.Debug|Any CPU.Build.0 = Debug|Any CPU
		{0F5BEF2F-4F6B-4E4A-A0BB-0255F177C71D}.Release|Any CPU.ActiveCfg = Release|Any CPU
		{0F5BEF2F-4F6B-4E4A-A0BB-0255F177C71D}.Release|Any CPU.Build.0 = Release|Any CPU
		{178B23D3-F676-43C3-880D-9E0BEFBAF019}.Debug|Any CPU.ActiveCfg = Debug|Any CPU
		{178B23D3-F676-43C3-880D-9E0BEFBAF019}.Debug|Any CPU.Build.0 = Debug|Any CPU
		{178B23D3-F676-43C3-880D-9E0BEFBAF019}.Release|Any CPU.ActiveCfg = Release|Any CPU
		{178B23D3-F676-43C3-880D-9E0BEFBAF019}.Release|Any CPU.Build.0 = Release|Any CPU
		{886DFAE8-C01A-43E2-A275-7F1E41CA0342}.Debug|Any CPU.ActiveCfg = Debug|Any CPU
		{886DFAE8-C01A-43E2-A275-7F1E41CA0342}.Debug|Any CPU.Build.0 = Debug|Any CPU
		{886DFAE8-C01A-43E2-A275-7F1E41CA0342}.Release|Any CPU.ActiveCfg = Release|Any CPU
		{886DFAE8-C01A-43E2-A275-7F1E41CA0342}.Release|Any CPU.Build.0 = Release|Any CPU
		{F7E5B6E8-5D55-4974-9CA7-4C94D810631F}.Debug|Any CPU.ActiveCfg = Debug|Any CPU
		{F7E5B6E8-5D55-4974-9CA7-4C94D810631F}.Debug|Any CPU.Build.0 = Debug|Any CPU
		{F7E5B6E8-5D55-4974-9CA7-4C94D810631F}.Release|Any CPU.ActiveCfg = Release|Any CPU
		{F7E5B6E8-5D55-4974-9CA7-4C94D810631F}.Release|Any CPU.Build.0 = Release|Any CPU
		{A85B6894-33A4-4645-848D-D4D4D413A0C5}.Release|Any CPU.ActiveCfg = Release|Any CPU
		{A85B6894-33A4-4645-848D-D4D4D413A0C5}.Release|Any CPU.Build.0 = Release|Any CPU
		{A85B6894-33A4-4645-848D-D4D4D413A0C5}.Debug|Any CPU.ActiveCfg = Debug|Any CPU
		{A85B6894-33A4-4645-848D-D4D4D413A0C5}.Debug|Any CPU.Build.0 = Debug|Any CPU
		{15226ED2-C66B-4AA2-B15D-ACFF8A45454A}.Debug|Any CPU.ActiveCfg = Debug|Any CPU
		{15226ED2-C66B-4AA2-B15D-ACFF8A45454A}.Debug|Any CPU.Build.0 = Debug|Any CPU
		{15226ED2-C66B-4AA2-B15D-ACFF8A45454A}.Release|Any CPU.ActiveCfg = Release|Any CPU
		{15226ED2-C66B-4AA2-B15D-ACFF8A45454A}.Release|Any CPU.Build.0 = Release|Any CPU
		{FDA71626-E557-4D33-842F-2C4611768538}.Debug|Any CPU.ActiveCfg = Debug|Any CPU
		{FDA71626-E557-4D33-842F-2C4611768538}.Debug|Any CPU.Build.0 = Debug|Any CPU
		{FDA71626-E557-4D33-842F-2C4611768538}.Release|Any CPU.ActiveCfg = Release|Any CPU
		{FDA71626-E557-4D33-842F-2C4611768538}.Release|Any CPU.Build.0 = Release|Any CPU
		{4ACE8A29-6D75-4956-B45C-22C82EAFCFD5}.Debug|Any CPU.ActiveCfg = Debug|Any CPU
		{4ACE8A29-6D75-4956-B45C-22C82EAFCFD5}.Debug|Any CPU.Build.0 = Debug|Any CPU
		{4ACE8A29-6D75-4956-B45C-22C82EAFCFD5}.Release|Any CPU.ActiveCfg = Release|Any CPU
		{4ACE8A29-6D75-4956-B45C-22C82EAFCFD5}.Release|Any CPU.Build.0 = Release|Any CPU
		{647D929B-4ACE-4099-A25F-D7FF06588F88}.Debug|Any CPU.ActiveCfg = Debug|Any CPU
		{647D929B-4ACE-4099-A25F-D7FF06588F88}.Debug|Any CPU.Build.0 = Debug|Any CPU
		{647D929B-4ACE-4099-A25F-D7FF06588F88}.Release|Any CPU.ActiveCfg = Release|Any CPU
		{647D929B-4ACE-4099-A25F-D7FF06588F88}.Release|Any CPU.Build.0 = Release|Any CPU
		{643498E7-F0DC-4665-9EA9-FB3EBF0F6A88}.Debug|Any CPU.ActiveCfg = Debug|Any CPU
		{643498E7-F0DC-4665-9EA9-FB3EBF0F6A88}.Debug|Any CPU.Build.0 = Debug|Any CPU
		{643498E7-F0DC-4665-9EA9-FB3EBF0F6A88}.Release|Any CPU.ActiveCfg = Release|Any CPU
		{643498E7-F0DC-4665-9EA9-FB3EBF0F6A88}.Release|Any CPU.Build.0 = Release|Any CPU
		{2B2FCE14-8E8D-407A-81FD-D648B0A1AA74}.Debug|Any CPU.ActiveCfg = Debug|Any CPU
		{2B2FCE14-8E8D-407A-81FD-D648B0A1AA74}.Debug|Any CPU.Build.0 = Debug|Any CPU
		{2B2FCE14-8E8D-407A-81FD-D648B0A1AA74}.Release|Any CPU.ActiveCfg = Release|Any CPU
		{2B2FCE14-8E8D-407A-81FD-D648B0A1AA74}.Release|Any CPU.Build.0 = Release|Any CPU
		{AF0A49FA-0DD6-4BEB-B271-4B179C9B76DC}.Debug|Any CPU.ActiveCfg = Debug|Any CPU
		{AF0A49FA-0DD6-4BEB-B271-4B179C9B76DC}.Debug|Any CPU.Build.0 = Debug|Any CPU
		{AF0A49FA-0DD6-4BEB-B271-4B179C9B76DC}.Release|Any CPU.ActiveCfg = Release|Any CPU
		{AF0A49FA-0DD6-4BEB-B271-4B179C9B76DC}.Release|Any CPU.Build.0 = Release|Any CPU
		{A64CF176-66D8-459F-BF45-AF5B5C3098A2}.Debug|Any CPU.ActiveCfg = Debug|Any CPU
		{A64CF176-66D8-459F-BF45-AF5B5C3098A2}.Debug|Any CPU.Build.0 = Debug|Any CPU
		{A64CF176-66D8-459F-BF45-AF5B5C3098A2}.Release|Any CPU.ActiveCfg = Release|Any CPU
		{A64CF176-66D8-459F-BF45-AF5B5C3098A2}.Release|Any CPU.Build.0 = Release|Any CPU
		{64A5B3B2-0F73-44B5-A178-C66A9DB830D6}.Debug|Any CPU.ActiveCfg = Debug|Any CPU
		{64A5B3B2-0F73-44B5-A178-C66A9DB830D6}.Debug|Any CPU.Build.0 = Debug|Any CPU
		{64A5B3B2-0F73-44B5-A178-C66A9DB830D6}.Release|Any CPU.ActiveCfg = Release|Any CPU
		{64A5B3B2-0F73-44B5-A178-C66A9DB830D6}.Release|Any CPU.Build.0 = Release|Any CPU
		{2A4CB8E9-C123-4E07-A814-CF6B74FFC87D}.Debug|Any CPU.ActiveCfg = Debug|Any CPU
		{2A4CB8E9-C123-4E07-A814-CF6B74FFC87D}.Debug|Any CPU.Build.0 = Debug|Any CPU
		{2A4CB8E9-C123-4E07-A814-CF6B74FFC87D}.Release|Any CPU.ActiveCfg = Release|Any CPU
		{2A4CB8E9-C123-4E07-A814-CF6B74FFC87D}.Release|Any CPU.Build.0 = Release|Any CPU
		{FE1BC08F-A41A-41CC-9F03-996EA9B3B477}.Debug|Any CPU.ActiveCfg = Debug|Any CPU
		{FE1BC08F-A41A-41CC-9F03-996EA9B3B477}.Debug|Any CPU.Build.0 = Debug|Any CPU
		{FE1BC08F-A41A-41CC-9F03-996EA9B3B477}.Release|Any CPU.ActiveCfg = Release|Any CPU
		{FE1BC08F-A41A-41CC-9F03-996EA9B3B477}.Release|Any CPU.Build.0 = Release|Any CPU
		{BEE0293D-C090-48A4-867D-5B40F4C8D35F}.Debug|Any CPU.ActiveCfg = Debug|Any CPU
		{BEE0293D-C090-48A4-867D-5B40F4C8D35F}.Debug|Any CPU.Build.0 = Debug|Any CPU
		{BEE0293D-C090-48A4-867D-5B40F4C8D35F}.Release|Any CPU.ActiveCfg = Release|Any CPU
		{BEE0293D-C090-48A4-867D-5B40F4C8D35F}.Release|Any CPU.Build.0 = Release|Any CPU
		{1C1A1003-40E3-4C79-A24B-0FC8667E6D28}.Debug|Any CPU.ActiveCfg = Debug|Any CPU
		{1C1A1003-40E3-4C79-A24B-0FC8667E6D28}.Release|Any CPU.ActiveCfg = Release|Any CPU
		{1C1A1003-40E3-4C79-A24B-0FC8667E6D28}.Release|Any CPU.Build.0 = Release|Any CPU
		{1C1A1003-40E3-4C79-A24B-0FC8667E6D28}.Debug|Any CPU.Build.0 = Debug|Any CPU
		{E243DC23-2B01-4050-AB68-8354D00F354D}.Debug|Any CPU.ActiveCfg = Debug|Any CPU
		{E243DC23-2B01-4050-AB68-8354D00F354D}.Debug|Any CPU.Build.0 = Debug|Any CPU
		{E243DC23-2B01-4050-AB68-8354D00F354D}.Release|Any CPU.ActiveCfg = Release|Any CPU
		{E243DC23-2B01-4050-AB68-8354D00F354D}.Release|Any CPU.Build.0 = Release|Any CPU
		{3C5509C3-4A96-4F42-B1AD-0860E189BD80}.Debug|Any CPU.ActiveCfg = Debug|Any CPU
		{3C5509C3-4A96-4F42-B1AD-0860E189BD80}.Debug|Any CPU.Build.0 = Debug|Any CPU
		{3C5509C3-4A96-4F42-B1AD-0860E189BD80}.Release|Any CPU.ActiveCfg = Release|Any CPU
		{3C5509C3-4A96-4F42-B1AD-0860E189BD80}.Release|Any CPU.Build.0 = Release|Any CPU
		{11535E76-9262-4A5C-8863-1BA688C78473}.Debug|Any CPU.ActiveCfg = Debug|Any CPU
		{11535E76-9262-4A5C-8863-1BA688C78473}.Debug|Any CPU.Build.0 = Debug|Any CPU
		{11535E76-9262-4A5C-8863-1BA688C78473}.Release|Any CPU.ActiveCfg = Release|Any CPU
		{11535E76-9262-4A5C-8863-1BA688C78473}.Release|Any CPU.Build.0 = Release|Any CPU
		{588510C5-5263-43E7-979B-B7B322F740EF}.Debug|Any CPU.ActiveCfg = Debug|Any CPU
		{588510C5-5263-43E7-979B-B7B322F740EF}.Debug|Any CPU.Build.0 = Debug|Any CPU
		{588510C5-5263-43E7-979B-B7B322F740EF}.Release|Any CPU.ActiveCfg = Release|Any CPU
		{588510C5-5263-43E7-979B-B7B322F740EF}.Release|Any CPU.Build.0 = Release|Any CPU
		{BA02296C-41A5-449D-A724-68CEA527E0E2}.Debug|Any CPU.ActiveCfg = Debug|Any CPU
		{BA02296C-41A5-449D-A724-68CEA527E0E2}.Debug|Any CPU.Build.0 = Debug|Any CPU
		{BA02296C-41A5-449D-A724-68CEA527E0E2}.Release|Any CPU.ActiveCfg = Release|Any CPU
		{BA02296C-41A5-449D-A724-68CEA527E0E2}.Release|Any CPU.Build.0 = Release|Any CPU
		{7BB17E1A-6318-449D-8193-5FFAA7DC9C49}.Debug|Any CPU.ActiveCfg = Debug|Any CPU
		{7BB17E1A-6318-449D-8193-5FFAA7DC9C49}.Debug|Any CPU.Build.0 = Debug|Any CPU
		{7BB17E1A-6318-449D-8193-5FFAA7DC9C49}.Release|Any CPU.ActiveCfg = Release|Any CPU
		{7BB17E1A-6318-449D-8193-5FFAA7DC9C49}.Release|Any CPU.Build.0 = Release|Any CPU
		{478D2597-9521-4BD2-A6DE-4DFCDF2F87E0}.Debug|Any CPU.ActiveCfg = Debug|Any CPU
		{478D2597-9521-4BD2-A6DE-4DFCDF2F87E0}.Debug|Any CPU.Build.0 = Debug|Any CPU
		{478D2597-9521-4BD2-A6DE-4DFCDF2F87E0}.Release|Any CPU.ActiveCfg = Release|Any CPU
		{478D2597-9521-4BD2-A6DE-4DFCDF2F87E0}.Release|Any CPU.Build.0 = Release|Any CPU
		{26FD79BD-2329-41B6-A86D-8F3992437CBE}.Release|Any CPU.ActiveCfg = Release|Any CPU
		{26FD79BD-2329-41B6-A86D-8F3992437CBE}.Release|Any CPU.Build.0 = Release|Any CPU
		{26FD79BD-2329-41B6-A86D-8F3992437CBE}.Debug|Any CPU.ActiveCfg = Debug|Any CPU
		{26FD79BD-2329-41B6-A86D-8F3992437CBE}.Debug|Any CPU.Build.0 = Debug|Any CPU
		{1721A791-AC1F-4F79-9E1D-AB8F125B85BF}.Debug|Any CPU.ActiveCfg = Debug|Any CPU
		{1721A791-AC1F-4F79-9E1D-AB8F125B85BF}.Debug|Any CPU.Build.0 = Debug|Any CPU
		{1721A791-AC1F-4F79-9E1D-AB8F125B85BF}.Release|Any CPU.ActiveCfg = Release|Any CPU
		{1721A791-AC1F-4F79-9E1D-AB8F125B85BF}.Release|Any CPU.Build.0 = Release|Any CPU
		{6BD97E30-0907-41E0-944D-5FD6A8B40589}.Debug|Any CPU.ActiveCfg = Debug|Any CPU
		{6BD97E30-0907-41E0-944D-5FD6A8B40589}.Debug|Any CPU.Build.0 = Debug|Any CPU
		{6BD97E30-0907-41E0-944D-5FD6A8B40589}.Release|Any CPU.ActiveCfg = Release|Any CPU
		{6BD97E30-0907-41E0-944D-5FD6A8B40589}.Release|Any CPU.Build.0 = Release|Any CPU
		{D602679F-9786-49BA-A970-D81C64CB2096}.Debug|Any CPU.ActiveCfg = Debug|Any CPU
		{D602679F-9786-49BA-A970-D81C64CB2096}.Debug|Any CPU.Build.0 = Debug|Any CPU
		{D602679F-9786-49BA-A970-D81C64CB2096}.Release|Any CPU.ActiveCfg = Release|Any CPU
		{D602679F-9786-49BA-A970-D81C64CB2096}.Release|Any CPU.Build.0 = Release|Any CPU
		{32B00125-618F-4330-875F-A541BA827BF9}.Debug|Any CPU.ActiveCfg = Debug|Any CPU
		{32B00125-618F-4330-875F-A541BA827BF9}.Release|Any CPU.ActiveCfg = Release|Any CPU
		{32B00125-618F-4330-875F-A541BA827BF9}.Release|Any CPU.Build.0 = Release|Any CPU
		{32B00125-618F-4330-875F-A541BA827BF9}.Debug|Any CPU.Build.0 = Debug|Any CPU
		{66DF3F77-5ECD-4141-B4E8-993E8040FEBB}.Debug|Any CPU.ActiveCfg = Debug|Any CPU
		{66DF3F77-5ECD-4141-B4E8-993E8040FEBB}.Release|Any CPU.ActiveCfg = Release|Any CPU
		{66DF3F77-5ECD-4141-B4E8-993E8040FEBB}.Release|Any CPU.Build.0 = Release|Any CPU
		{8EF6FFD7-5238-4CCA-A5FC-46161DA1C2F5}.Debug|Any CPU.ActiveCfg = Debug|Any CPU
		{8EF6FFD7-5238-4CCA-A5FC-46161DA1C2F5}.Release|Any CPU.ActiveCfg = Release|Any CPU
		{8EF6FFD7-5238-4CCA-A5FC-46161DA1C2F5}.Release|Any CPU.Build.0 = Release|Any CPU
		{8EF6FFD7-5238-4CCA-A5FC-46161DA1C2F5}.Debug|Any CPU.Build.0 = Debug|Any CPU
		{52038D8A-986F-4DB1-BDF3-BD878F0E5D4C}.Debug|Any CPU.ActiveCfg = Debug|Any CPU
		{52038D8A-986F-4DB1-BDF3-BD878F0E5D4C}.Release|Any CPU.ActiveCfg = Release|Any CPU
		{52038D8A-986F-4DB1-BDF3-BD878F0E5D4C}.Release|Any CPU.Build.0 = Release|Any CPU
		{E1AE3903-1CE8-4418-ADEC-A4962FA238EF}.Debug|Any CPU.ActiveCfg = Debug|Any CPU
		{E1AE3903-1CE8-4418-ADEC-A4962FA238EF}.Debug|Any CPU.Build.0 = Debug|Any CPU
		{E1AE3903-1CE8-4418-ADEC-A4962FA238EF}.Release|Any CPU.ActiveCfg = Release|Any CPU
		{E1AE3903-1CE8-4418-ADEC-A4962FA238EF}.Release|Any CPU.Build.0 = Release|Any CPU
		{C00D180A-AF3C-401F-9A2A-47FC1FDCAF05}.Debug|Any CPU.ActiveCfg = Debug|Any CPU
		{C00D180A-AF3C-401F-9A2A-47FC1FDCAF05}.Debug|Any CPU.Build.0 = Debug|Any CPU
		{C00D180A-AF3C-401F-9A2A-47FC1FDCAF05}.Release|Any CPU.ActiveCfg = Release|Any CPU
		{C00D180A-AF3C-401F-9A2A-47FC1FDCAF05}.Release|Any CPU.Build.0 = Release|Any CPU
		{0F4BCDA0-DC72-499B-BE44-AA8F562BCFAE}.Debug|Any CPU.ActiveCfg = Debug|Any CPU
		{0F4BCDA0-DC72-499B-BE44-AA8F562BCFAE}.Debug|Any CPU.Build.0 = Debug|Any CPU
		{0F4BCDA0-DC72-499B-BE44-AA8F562BCFAE}.Release|Any CPU.ActiveCfg = Release|Any CPU
		{0F4BCDA0-DC72-499B-BE44-AA8F562BCFAE}.Release|Any CPU.Build.0 = Release|Any CPU
		{2FA9E1EE-902C-442E-8905-A49DD0145CE8}.Debug|Any CPU.ActiveCfg = Debug|Any CPU
		{2FA9E1EE-902C-442E-8905-A49DD0145CE8}.Debug|Any CPU.Build.0 = Debug|Any CPU
		{2FA9E1EE-902C-442E-8905-A49DD0145CE8}.Release|Any CPU.ActiveCfg = Release|Any CPU
		{2FA9E1EE-902C-442E-8905-A49DD0145CE8}.Release|Any CPU.Build.0 = Release|Any CPU
		{6E70C4BE-5354-484B-AC71-91936DCCA4F2}.Debug|Any CPU.ActiveCfg = Debug|Any CPU
		{6E70C4BE-5354-484B-AC71-91936DCCA4F2}.Debug|Any CPU.Build.0 = Debug|Any CPU
		{6E70C4BE-5354-484B-AC71-91936DCCA4F2}.Release|Any CPU.ActiveCfg = Release|Any CPU
		{6E70C4BE-5354-484B-AC71-91936DCCA4F2}.Release|Any CPU.Build.0 = Release|Any CPU
		{95FA23BE-49AB-4721-A099-6B73B4E2C0D5}.Debug|Any CPU.ActiveCfg = Debug|Any CPU
		{95FA23BE-49AB-4721-A099-6B73B4E2C0D5}.Debug|Any CPU.Build.0 = Debug|Any CPU
		{95FA23BE-49AB-4721-A099-6B73B4E2C0D5}.Release|Any CPU.ActiveCfg = Release|Any CPU
		{95FA23BE-49AB-4721-A099-6B73B4E2C0D5}.Release|Any CPU.Build.0 = Release|Any CPU
		{B7BD505B-66D2-40B5-863C-8975032C2AE3}.Debug|Any CPU.ActiveCfg = Debug|Any CPU
		{B7BD505B-66D2-40B5-863C-8975032C2AE3}.Debug|Any CPU.Build.0 = Debug|Any CPU
		{B7BD505B-66D2-40B5-863C-8975032C2AE3}.Release|Any CPU.ActiveCfg = Release|Any CPU
		{B7BD505B-66D2-40B5-863C-8975032C2AE3}.Release|Any CPU.Build.0 = Release|Any CPU
		{9ACC2DBA-BBE1-414F-AEB0-57CD9768875A}.Debug|Any CPU.ActiveCfg = Debug|Any CPU
		{9ACC2DBA-BBE1-414F-AEB0-57CD9768875A}.Debug|Any CPU.Build.0 = Debug|Any CPU
		{9ACC2DBA-BBE1-414F-AEB0-57CD9768875A}.Release|Any CPU.ActiveCfg = Release|Any CPU
		{9ACC2DBA-BBE1-414F-AEB0-57CD9768875A}.Release|Any CPU.Build.0 = Release|Any CPU
	EndGlobalSection
	GlobalSection(SolutionProperties) = preSolution
		HideSolutionNode = FALSE
	EndGlobalSection
	GlobalSection(NestedProjects) = preSolution
		{887CF8ED-4EEE-499B-B8D3-59EDA8A64BBF} = {56BB77A4-DF59-49EC-92E6-C9CA2C2E9FDE}
		{0F5BEF2F-4F6B-4E4A-A0BB-0255F177C71D} = {56BB77A4-DF59-49EC-92E6-C9CA2C2E9FDE}
		{178B23D3-F676-43C3-880D-9E0BEFBAF019} = {60FC06B0-58BB-4D96-96FE-FD92EA4BAA5E}
		{886DFAE8-C01A-43E2-A275-7F1E41CA0342} = {EA09AD42-B4E2-4B0D-8960-E87277F46F04}
		{F7E5B6E8-5D55-4974-9CA7-4C94D810631F} = {EA09AD42-B4E2-4B0D-8960-E87277F46F04}
		{A85B6894-33A4-4645-848D-D4D4D413A0C5} = {EA09AD42-B4E2-4B0D-8960-E87277F46F04}
		{15226ED2-C66B-4AA2-B15D-ACFF8A45454A} = {56BB77A4-DF59-49EC-92E6-C9CA2C2E9FDE}
		{FDA71626-E557-4D33-842F-2C4611768538} = {EA09AD42-B4E2-4B0D-8960-E87277F46F04}
		{4ACE8A29-6D75-4956-B45C-22C82EAFCFD5} = {978EDEA3-ABF9-4EC9-A864-1D425E18CFE6}
		{647D929B-4ACE-4099-A25F-D7FF06588F88} = {978EDEA3-ABF9-4EC9-A864-1D425E18CFE6}
		{643498E7-F0DC-4665-9EA9-FB3EBF0F6A88} = {EA09AD42-B4E2-4B0D-8960-E87277F46F04}
		{2B2FCE14-8E8D-407A-81FD-D648B0A1AA74} = {56BB77A4-DF59-49EC-92E6-C9CA2C2E9FDE}
		{AF0A49FA-0DD6-4BEB-B271-4B179C9B76DC} = {60FC06B0-58BB-4D96-96FE-FD92EA4BAA5E}
		{A64CF176-66D8-459F-BF45-AF5B5C3098A2} = {60FC06B0-58BB-4D96-96FE-FD92EA4BAA5E}
		{64A5B3B2-0F73-44B5-A178-C66A9DB830D6} = {978EDEA3-ABF9-4EC9-A864-1D425E18CFE6}
		{2A4CB8E9-C123-4E07-A814-CF6B74FFC87D} = {978EDEA3-ABF9-4EC9-A864-1D425E18CFE6}
		{FE1BC08F-A41A-41CC-9F03-996EA9B3B477} = {978EDEA3-ABF9-4EC9-A864-1D425E18CFE6}
		{BEE0293D-C090-48A4-867D-5B40F4C8D35F} = {978EDEA3-ABF9-4EC9-A864-1D425E18CFE6}
		{1C1A1003-40E3-4C79-A24B-0FC8667E6D28} = {60FC06B0-58BB-4D96-96FE-FD92EA4BAA5E}
		{E243DC23-2B01-4050-AB68-8354D00F354D} = {978EDEA3-ABF9-4EC9-A864-1D425E18CFE6}
		{3C5509C3-4A96-4F42-B1AD-0860E189BD80} = {60FC06B0-58BB-4D96-96FE-FD92EA4BAA5E}
		{11535E76-9262-4A5C-8863-1BA688C78473} = {EA09AD42-B4E2-4B0D-8960-E87277F46F04}
		{588510C5-5263-43E7-979B-B7B322F740EF} = {978EDEA3-ABF9-4EC9-A864-1D425E18CFE6}
		{BA02296C-41A5-449D-A724-68CEA527E0E2} = {978EDEA3-ABF9-4EC9-A864-1D425E18CFE6}
		{7BB17E1A-6318-449D-8193-5FFAA7DC9C49} = {978EDEA3-ABF9-4EC9-A864-1D425E18CFE6}
		{26FD79BD-2329-41B6-A86D-8F3992437CBE} = {EA09AD42-B4E2-4B0D-8960-E87277F46F04}
		{1721A791-AC1F-4F79-9E1D-AB8F125B85BF} = {60FC06B0-58BB-4D96-96FE-FD92EA4BAA5E}
		{6BD97E30-0907-41E0-944D-5FD6A8B40589} = {7B088401-ACED-40A5-9DC7-9E64523CE77C}
		{D602679F-9786-49BA-A970-D81C64CB2096} = {978EDEA3-ABF9-4EC9-A864-1D425E18CFE6}
		{32B00125-618F-4330-875F-A541BA827BF9} = {978EDEA3-ABF9-4EC9-A864-1D425E18CFE6}
		{66DF3F77-5ECD-4141-B4E8-993E8040FEBB} = {978EDEA3-ABF9-4EC9-A864-1D425E18CFE6}
		{8EF6FFD7-5238-4CCA-A5FC-46161DA1C2F5} = {978EDEA3-ABF9-4EC9-A864-1D425E18CFE6}
		{52038D8A-986F-4DB1-BDF3-BD878F0E5D4C} = {978EDEA3-ABF9-4EC9-A864-1D425E18CFE6}
		{E1AE3903-1CE8-4418-ADEC-A4962FA238EF} = {7B088401-ACED-40A5-9DC7-9E64523CE77C}
		{C00D180A-AF3C-401F-9A2A-47FC1FDCAF05} = {56BB77A4-DF59-49EC-92E6-C9CA2C2E9FDE}
		{0F4BCDA0-DC72-499B-BE44-AA8F562BCFAE} = {45AD4DB5-AE45-447D-9389-A4DF16AF8F44}
		{2FA9E1EE-902C-442E-8905-A49DD0145CE8} = {978EDEA3-ABF9-4EC9-A864-1D425E18CFE6}
		{6E70C4BE-5354-484B-AC71-91936DCCA4F2} = {45AD4DB5-AE45-447D-9389-A4DF16AF8F44}
		{478D2597-9521-4BD2-A6DE-4DFCDF2F87E0} = {978EDEA3-ABF9-4EC9-A864-1D425E18CFE6}
		{95FA23BE-49AB-4721-A099-6B73B4E2C0D5} = {978EDEA3-ABF9-4EC9-A864-1D425E18CFE6}
		{B7BD505B-66D2-40B5-863C-8975032C2AE3} = {56BB77A4-DF59-49EC-92E6-C9CA2C2E9FDE}
		{9ACC2DBA-BBE1-414F-AEB0-57CD9768875A} = {978EDEA3-ABF9-4EC9-A864-1D425E18CFE6}
		{D64D7F8D-F4D5-4873-98BE-5427756F63D4} = {45AD4DB5-AE45-447D-9389-A4DF16AF8F44}
	EndGlobalSection
EndGlobal
