
Microsoft Visual Studio Solution File, Format Version 12.00
# Visual Studio 15
VisualStudioVersion = 15.0.26124.0
MinimumVisualStudioVersion = 15.0.26124.0
Project("{FAE04EC0-301F-11D3-BF4B-00C04F79EFBC}") = "Logary", "Logary\Logary.fsproj", "{4AF069FC-2F3C-4093-8AC4-529875B9DC49}"
EndProject
Project("{FAE04EC0-301F-11D3-BF4B-00C04F79EFBC}") = "Logary.CSharp", "Logary.CSharp\Logary.CSharp.csproj", "{5DE15FC9-4351-4275-ADD1-9BF11B27362E}"
EndProject
Project("{2150E333-8FDC-42A3-9474-1A3956D46DE8}") = "tests", "tests", "{746D7FBE-08C3-4069-AA05-E43A431967FA}"
EndProject
Project("{FAE04EC0-301F-11D3-BF4B-00C04F79EFBC}") = "Logary.Tests", "tests\Logary.Tests\Logary.Tests.fsproj", "{0E0BD98B-3FAB-4914-A735-5B12E0D673CC}"
EndProject
Project("{2150E333-8FDC-42A3-9474-1A3956D46DE8}") = "adapters", "adapters", "{53372257-39E2-4747-B006-D91A91E916DE}"
EndProject
Project("{FAE04EC0-301F-11D3-BF4B-00C04F79EFBC}") = "Logary.Adapters.Facade", "adapters\Logary.Adapters.Facade\Logary.Adapters.Facade.fsproj", "{392916DE-5C18-4A8E-8876-AD4BBA7390FE}"
EndProject
Project("{FAE04EC0-301F-11D3-BF4B-00C04F79EFBC}") = "Logary.Adapters.CommonLogging", "adapters\Logary.Adapters.CommonLogging\Logary.Adapters.CommonLogging.fsproj", "{14DBED22-FF81-4110-9A4A-288D2F1BF2A5}"
EndProject
Project("{FAE04EC0-301F-11D3-BF4B-00C04F79EFBC}") = "Logary.Adapters.EventStore", "adapters\Logary.Adapters.EventStore\Logary.Adapters.EventStore.fsproj", "{1724EE64-1A73-401F-8387-43F7D0F203EE}"
EndProject
Project("{FAE04EC0-301F-11D3-BF4B-00C04F79EFBC}") = "Logary.Adapters.FsSql", "adapters\Logary.Adapters.FsSql\Logary.Adapters.FsSql.fsproj", "{8090FA5A-E517-4C78-BFEB-B61D99CDF25D}"
EndProject
Project("{FAE04EC0-301F-11D3-BF4B-00C04F79EFBC}") = "Logary.Adapters.log4net", "adapters\Logary.Adapters.log4net\Logary.Adapters.log4net.fsproj", "{E4D978D8-6C8F-4217-AAE6-4238DD436259}"
EndProject
Project("{FAE04EC0-301F-11D3-BF4B-00C04F79EFBC}") = "Logary.Adapters.NLog", "adapters\Logary.Adapters.NLog\Logary.Adapters.NLog.fsproj", "{04E6FBAD-2D1F-4759-937B-79DA2C1EE285}"
EndProject
Project("{FAE04EC0-301F-11D3-BF4B-00C04F79EFBC}") = "Logary.Adapters.Topshelf", "adapters\Logary.Adapters.Topshelf\Logary.Adapters.Topshelf.fsproj", "{46BC16B1-2B2B-449E-B1F5-741F1D9D17C7}"
EndProject
Project("{FAE04EC0-301F-11D3-BF4B-00C04F79EFBC}") = "Logary.CSharp.Facade", "Logary.CSharp.Facade\Logary.CSharp.Facade.csproj", "{E2C68600-DE89-4CCD-9E8A-9CF42D183AD2}"
EndProject
Project("{2150E333-8FDC-42A3-9474-1A3956D46DE8}") = "metrics", "metrics", "{7D66AB03-0490-490D-B125-496EE9FB2B2F}"
EndProject
Project("{FAE04EC0-301F-11D3-BF4B-00C04F79EFBC}") = "Logary.Metrics.WinPerfCounters", "metrics\Logary.Metrics.WinPerfCounters\Logary.Metrics.WinPerfCounters.fsproj", "{9116A29F-76D6-493F-8A5B-C9CB07BB99F1}"
EndProject
Project("{2150E333-8FDC-42A3-9474-1A3956D46DE8}") = "targets", "targets", "{1CB7F38E-6DCE-4A2F-8DF3-25A6089A145D}"
EndProject
Project("{FAE04EC0-301F-11D3-BF4B-00C04F79EFBC}") = "Logary.Targets.AliYun", "targets\Logary.Targets.AliYun\Logary.Targets.AliYun.fsproj", "{8FE3F34F-5BAA-4795-879A-30E602659BD0}"
EndProject
Project("{FAE04EC0-301F-11D3-BF4B-00C04F79EFBC}") = "Logary.Targets.ApplicationInsights", "targets\Logary.Targets.ApplicationInsights\Logary.Targets.ApplicationInsights.fsproj", "{C1BCFBEE-B7A8-41A2-9CC0-70E1C0D072BD}"
EndProject
Global
	GlobalSection(SolutionConfigurationPlatforms) = preSolution
		Debug|Any CPU = Debug|Any CPU
		Debug|x64 = Debug|x64
		Debug|x86 = Debug|x86
		Release|Any CPU = Release|Any CPU
		Release|x64 = Release|x64
		Release|x86 = Release|x86
	EndGlobalSection
	GlobalSection(SolutionProperties) = preSolution
		HideSolutionNode = FALSE
	EndGlobalSection
	GlobalSection(ProjectConfigurationPlatforms) = postSolution
		{4AF069FC-2F3C-4093-8AC4-529875B9DC49}.Debug|Any CPU.ActiveCfg = Debug|Any CPU
		{4AF069FC-2F3C-4093-8AC4-529875B9DC49}.Debug|Any CPU.Build.0 = Debug|Any CPU
		{4AF069FC-2F3C-4093-8AC4-529875B9DC49}.Debug|x64.ActiveCfg = Debug|x64
		{4AF069FC-2F3C-4093-8AC4-529875B9DC49}.Debug|x64.Build.0 = Debug|x64
		{4AF069FC-2F3C-4093-8AC4-529875B9DC49}.Debug|x86.ActiveCfg = Debug|x86
		{4AF069FC-2F3C-4093-8AC4-529875B9DC49}.Debug|x86.Build.0 = Debug|x86
		{4AF069FC-2F3C-4093-8AC4-529875B9DC49}.Release|Any CPU.ActiveCfg = Release|Any CPU
		{4AF069FC-2F3C-4093-8AC4-529875B9DC49}.Release|Any CPU.Build.0 = Release|Any CPU
		{4AF069FC-2F3C-4093-8AC4-529875B9DC49}.Release|x64.ActiveCfg = Release|x64
		{4AF069FC-2F3C-4093-8AC4-529875B9DC49}.Release|x64.Build.0 = Release|x64
		{4AF069FC-2F3C-4093-8AC4-529875B9DC49}.Release|x86.ActiveCfg = Release|x86
		{4AF069FC-2F3C-4093-8AC4-529875B9DC49}.Release|x86.Build.0 = Release|x86
		{5DE15FC9-4351-4275-ADD1-9BF11B27362E}.Debug|Any CPU.ActiveCfg = Debug|Any CPU
		{5DE15FC9-4351-4275-ADD1-9BF11B27362E}.Debug|Any CPU.Build.0 = Debug|Any CPU
		{5DE15FC9-4351-4275-ADD1-9BF11B27362E}.Debug|x64.ActiveCfg = Debug|x64
		{5DE15FC9-4351-4275-ADD1-9BF11B27362E}.Debug|x64.Build.0 = Debug|x64
		{5DE15FC9-4351-4275-ADD1-9BF11B27362E}.Debug|x86.ActiveCfg = Debug|x86
		{5DE15FC9-4351-4275-ADD1-9BF11B27362E}.Debug|x86.Build.0 = Debug|x86
		{5DE15FC9-4351-4275-ADD1-9BF11B27362E}.Release|Any CPU.ActiveCfg = Release|Any CPU
		{5DE15FC9-4351-4275-ADD1-9BF11B27362E}.Release|Any CPU.Build.0 = Release|Any CPU
		{5DE15FC9-4351-4275-ADD1-9BF11B27362E}.Release|x64.ActiveCfg = Release|x64
		{5DE15FC9-4351-4275-ADD1-9BF11B27362E}.Release|x64.Build.0 = Release|x64
		{5DE15FC9-4351-4275-ADD1-9BF11B27362E}.Release|x86.ActiveCfg = Release|x86
		{5DE15FC9-4351-4275-ADD1-9BF11B27362E}.Release|x86.Build.0 = Release|x86
		{0E0BD98B-3FAB-4914-A735-5B12E0D673CC}.Debug|Any CPU.ActiveCfg = Debug|Any CPU
		{0E0BD98B-3FAB-4914-A735-5B12E0D673CC}.Debug|Any CPU.Build.0 = Debug|Any CPU
		{0E0BD98B-3FAB-4914-A735-5B12E0D673CC}.Debug|x64.ActiveCfg = Debug|x64
		{0E0BD98B-3FAB-4914-A735-5B12E0D673CC}.Debug|x64.Build.0 = Debug|x64
		{0E0BD98B-3FAB-4914-A735-5B12E0D673CC}.Debug|x86.ActiveCfg = Debug|x86
		{0E0BD98B-3FAB-4914-A735-5B12E0D673CC}.Debug|x86.Build.0 = Debug|x86
		{0E0BD98B-3FAB-4914-A735-5B12E0D673CC}.Release|Any CPU.ActiveCfg = Release|Any CPU
		{0E0BD98B-3FAB-4914-A735-5B12E0D673CC}.Release|Any CPU.Build.0 = Release|Any CPU
		{0E0BD98B-3FAB-4914-A735-5B12E0D673CC}.Release|x64.ActiveCfg = Release|x64
		{0E0BD98B-3FAB-4914-A735-5B12E0D673CC}.Release|x64.Build.0 = Release|x64
		{0E0BD98B-3FAB-4914-A735-5B12E0D673CC}.Release|x86.ActiveCfg = Release|x86
		{0E0BD98B-3FAB-4914-A735-5B12E0D673CC}.Release|x86.Build.0 = Release|x86
		{392916DE-5C18-4A8E-8876-AD4BBA7390FE}.Debug|Any CPU.ActiveCfg = Debug|Any CPU
		{392916DE-5C18-4A8E-8876-AD4BBA7390FE}.Debug|Any CPU.Build.0 = Debug|Any CPU
		{392916DE-5C18-4A8E-8876-AD4BBA7390FE}.Debug|x64.ActiveCfg = Debug|x64
		{392916DE-5C18-4A8E-8876-AD4BBA7390FE}.Debug|x64.Build.0 = Debug|x64
		{392916DE-5C18-4A8E-8876-AD4BBA7390FE}.Debug|x86.ActiveCfg = Debug|x86
		{392916DE-5C18-4A8E-8876-AD4BBA7390FE}.Debug|x86.Build.0 = Debug|x86
		{392916DE-5C18-4A8E-8876-AD4BBA7390FE}.Release|Any CPU.ActiveCfg = Release|Any CPU
		{392916DE-5C18-4A8E-8876-AD4BBA7390FE}.Release|Any CPU.Build.0 = Release|Any CPU
		{392916DE-5C18-4A8E-8876-AD4BBA7390FE}.Release|x64.ActiveCfg = Release|x64
		{392916DE-5C18-4A8E-8876-AD4BBA7390FE}.Release|x64.Build.0 = Release|x64
		{392916DE-5C18-4A8E-8876-AD4BBA7390FE}.Release|x86.ActiveCfg = Release|x86
		{392916DE-5C18-4A8E-8876-AD4BBA7390FE}.Release|x86.Build.0 = Release|x86
		{14DBED22-FF81-4110-9A4A-288D2F1BF2A5}.Debug|Any CPU.ActiveCfg = Debug|Any CPU
		{14DBED22-FF81-4110-9A4A-288D2F1BF2A5}.Debug|Any CPU.Build.0 = Debug|Any CPU
		{14DBED22-FF81-4110-9A4A-288D2F1BF2A5}.Debug|x64.ActiveCfg = Debug|x64
		{14DBED22-FF81-4110-9A4A-288D2F1BF2A5}.Debug|x64.Build.0 = Debug|x64
		{14DBED22-FF81-4110-9A4A-288D2F1BF2A5}.Debug|x86.ActiveCfg = Debug|x86
		{14DBED22-FF81-4110-9A4A-288D2F1BF2A5}.Debug|x86.Build.0 = Debug|x86
		{14DBED22-FF81-4110-9A4A-288D2F1BF2A5}.Release|Any CPU.ActiveCfg = Release|Any CPU
		{14DBED22-FF81-4110-9A4A-288D2F1BF2A5}.Release|Any CPU.Build.0 = Release|Any CPU
		{14DBED22-FF81-4110-9A4A-288D2F1BF2A5}.Release|x64.ActiveCfg = Release|x64
		{14DBED22-FF81-4110-9A4A-288D2F1BF2A5}.Release|x64.Build.0 = Release|x64
		{14DBED22-FF81-4110-9A4A-288D2F1BF2A5}.Release|x86.ActiveCfg = Release|x86
		{14DBED22-FF81-4110-9A4A-288D2F1BF2A5}.Release|x86.Build.0 = Release|x86
		{1724EE64-1A73-401F-8387-43F7D0F203EE}.Debug|Any CPU.ActiveCfg = Debug|Any CPU
		{1724EE64-1A73-401F-8387-43F7D0F203EE}.Debug|Any CPU.Build.0 = Debug|Any CPU
		{1724EE64-1A73-401F-8387-43F7D0F203EE}.Debug|x64.ActiveCfg = Debug|x64
		{1724EE64-1A73-401F-8387-43F7D0F203EE}.Debug|x64.Build.0 = Debug|x64
		{1724EE64-1A73-401F-8387-43F7D0F203EE}.Debug|x86.ActiveCfg = Debug|x86
		{1724EE64-1A73-401F-8387-43F7D0F203EE}.Debug|x86.Build.0 = Debug|x86
		{1724EE64-1A73-401F-8387-43F7D0F203EE}.Release|Any CPU.ActiveCfg = Release|Any CPU
		{1724EE64-1A73-401F-8387-43F7D0F203EE}.Release|Any CPU.Build.0 = Release|Any CPU
		{1724EE64-1A73-401F-8387-43F7D0F203EE}.Release|x64.ActiveCfg = Release|x64
		{1724EE64-1A73-401F-8387-43F7D0F203EE}.Release|x64.Build.0 = Release|x64
		{1724EE64-1A73-401F-8387-43F7D0F203EE}.Release|x86.ActiveCfg = Release|x86
		{1724EE64-1A73-401F-8387-43F7D0F203EE}.Release|x86.Build.0 = Release|x86
		{8090FA5A-E517-4C78-BFEB-B61D99CDF25D}.Debug|Any CPU.ActiveCfg = Debug|Any CPU
		{8090FA5A-E517-4C78-BFEB-B61D99CDF25D}.Debug|Any CPU.Build.0 = Debug|Any CPU
		{8090FA5A-E517-4C78-BFEB-B61D99CDF25D}.Debug|x64.ActiveCfg = Debug|x64
		{8090FA5A-E517-4C78-BFEB-B61D99CDF25D}.Debug|x64.Build.0 = Debug|x64
		{8090FA5A-E517-4C78-BFEB-B61D99CDF25D}.Debug|x86.ActiveCfg = Debug|x86
		{8090FA5A-E517-4C78-BFEB-B61D99CDF25D}.Debug|x86.Build.0 = Debug|x86
		{8090FA5A-E517-4C78-BFEB-B61D99CDF25D}.Release|Any CPU.ActiveCfg = Release|Any CPU
		{8090FA5A-E517-4C78-BFEB-B61D99CDF25D}.Release|Any CPU.Build.0 = Release|Any CPU
		{8090FA5A-E517-4C78-BFEB-B61D99CDF25D}.Release|x64.ActiveCfg = Release|x64
		{8090FA5A-E517-4C78-BFEB-B61D99CDF25D}.Release|x64.Build.0 = Release|x64
		{8090FA5A-E517-4C78-BFEB-B61D99CDF25D}.Release|x86.ActiveCfg = Release|x86
		{8090FA5A-E517-4C78-BFEB-B61D99CDF25D}.Release|x86.Build.0 = Release|x86
		{E4D978D8-6C8F-4217-AAE6-4238DD436259}.Debug|Any CPU.ActiveCfg = Debug|Any CPU
		{E4D978D8-6C8F-4217-AAE6-4238DD436259}.Debug|Any CPU.Build.0 = Debug|Any CPU
		{E4D978D8-6C8F-4217-AAE6-4238DD436259}.Debug|x64.ActiveCfg = Debug|x64
		{E4D978D8-6C8F-4217-AAE6-4238DD436259}.Debug|x64.Build.0 = Debug|x64
		{E4D978D8-6C8F-4217-AAE6-4238DD436259}.Debug|x86.ActiveCfg = Debug|x86
		{E4D978D8-6C8F-4217-AAE6-4238DD436259}.Debug|x86.Build.0 = Debug|x86
		{E4D978D8-6C8F-4217-AAE6-4238DD436259}.Release|Any CPU.ActiveCfg = Release|Any CPU
		{E4D978D8-6C8F-4217-AAE6-4238DD436259}.Release|Any CPU.Build.0 = Release|Any CPU
		{E4D978D8-6C8F-4217-AAE6-4238DD436259}.Release|x64.ActiveCfg = Release|x64
		{E4D978D8-6C8F-4217-AAE6-4238DD436259}.Release|x64.Build.0 = Release|x64
		{E4D978D8-6C8F-4217-AAE6-4238DD436259}.Release|x86.ActiveCfg = Release|x86
		{E4D978D8-6C8F-4217-AAE6-4238DD436259}.Release|x86.Build.0 = Release|x86
		{04E6FBAD-2D1F-4759-937B-79DA2C1EE285}.Debug|Any CPU.ActiveCfg = Debug|Any CPU
		{04E6FBAD-2D1F-4759-937B-79DA2C1EE285}.Debug|Any CPU.Build.0 = Debug|Any CPU
		{04E6FBAD-2D1F-4759-937B-79DA2C1EE285}.Debug|x64.ActiveCfg = Debug|x64
		{04E6FBAD-2D1F-4759-937B-79DA2C1EE285}.Debug|x64.Build.0 = Debug|x64
		{04E6FBAD-2D1F-4759-937B-79DA2C1EE285}.Debug|x86.ActiveCfg = Debug|x86
		{04E6FBAD-2D1F-4759-937B-79DA2C1EE285}.Debug|x86.Build.0 = Debug|x86
		{04E6FBAD-2D1F-4759-937B-79DA2C1EE285}.Release|Any CPU.ActiveCfg = Release|Any CPU
		{04E6FBAD-2D1F-4759-937B-79DA2C1EE285}.Release|Any CPU.Build.0 = Release|Any CPU
		{04E6FBAD-2D1F-4759-937B-79DA2C1EE285}.Release|x64.ActiveCfg = Release|x64
		{04E6FBAD-2D1F-4759-937B-79DA2C1EE285}.Release|x64.Build.0 = Release|x64
		{04E6FBAD-2D1F-4759-937B-79DA2C1EE285}.Release|x86.ActiveCfg = Release|x86
		{04E6FBAD-2D1F-4759-937B-79DA2C1EE285}.Release|x86.Build.0 = Release|x86
		{46BC16B1-2B2B-449E-B1F5-741F1D9D17C7}.Debug|Any CPU.ActiveCfg = Debug|Any CPU
		{46BC16B1-2B2B-449E-B1F5-741F1D9D17C7}.Debug|Any CPU.Build.0 = Debug|Any CPU
		{46BC16B1-2B2B-449E-B1F5-741F1D9D17C7}.Debug|x64.ActiveCfg = Debug|x64
		{46BC16B1-2B2B-449E-B1F5-741F1D9D17C7}.Debug|x64.Build.0 = Debug|x64
		{46BC16B1-2B2B-449E-B1F5-741F1D9D17C7}.Debug|x86.ActiveCfg = Debug|x86
		{46BC16B1-2B2B-449E-B1F5-741F1D9D17C7}.Debug|x86.Build.0 = Debug|x86
		{46BC16B1-2B2B-449E-B1F5-741F1D9D17C7}.Release|Any CPU.ActiveCfg = Release|Any CPU
		{46BC16B1-2B2B-449E-B1F5-741F1D9D17C7}.Release|Any CPU.Build.0 = Release|Any CPU
		{46BC16B1-2B2B-449E-B1F5-741F1D9D17C7}.Release|x64.ActiveCfg = Release|x64
		{46BC16B1-2B2B-449E-B1F5-741F1D9D17C7}.Release|x64.Build.0 = Release|x64
		{46BC16B1-2B2B-449E-B1F5-741F1D9D17C7}.Release|x86.ActiveCfg = Release|x86
		{46BC16B1-2B2B-449E-B1F5-741F1D9D17C7}.Release|x86.Build.0 = Release|x86
		{E2C68600-DE89-4CCD-9E8A-9CF42D183AD2}.Debug|Any CPU.ActiveCfg = Debug|Any CPU
		{E2C68600-DE89-4CCD-9E8A-9CF42D183AD2}.Debug|Any CPU.Build.0 = Debug|Any CPU
		{E2C68600-DE89-4CCD-9E8A-9CF42D183AD2}.Debug|x64.ActiveCfg = Debug|x64
		{E2C68600-DE89-4CCD-9E8A-9CF42D183AD2}.Debug|x64.Build.0 = Debug|x64
		{E2C68600-DE89-4CCD-9E8A-9CF42D183AD2}.Debug|x86.ActiveCfg = Debug|x86
		{E2C68600-DE89-4CCD-9E8A-9CF42D183AD2}.Debug|x86.Build.0 = Debug|x86
		{E2C68600-DE89-4CCD-9E8A-9CF42D183AD2}.Release|Any CPU.ActiveCfg = Release|Any CPU
		{E2C68600-DE89-4CCD-9E8A-9CF42D183AD2}.Release|Any CPU.Build.0 = Release|Any CPU
		{E2C68600-DE89-4CCD-9E8A-9CF42D183AD2}.Release|x64.ActiveCfg = Release|x64
		{E2C68600-DE89-4CCD-9E8A-9CF42D183AD2}.Release|x64.Build.0 = Release|x64
		{E2C68600-DE89-4CCD-9E8A-9CF42D183AD2}.Release|x86.ActiveCfg = Release|x86
		{E2C68600-DE89-4CCD-9E8A-9CF42D183AD2}.Release|x86.Build.0 = Release|x86
		{9116A29F-76D6-493F-8A5B-C9CB07BB99F1}.Debug|Any CPU.ActiveCfg = Debug|Any CPU
		{9116A29F-76D6-493F-8A5B-C9CB07BB99F1}.Debug|Any CPU.Build.0 = Debug|Any CPU
		{9116A29F-76D6-493F-8A5B-C9CB07BB99F1}.Debug|x64.ActiveCfg = Debug|x64
		{9116A29F-76D6-493F-8A5B-C9CB07BB99F1}.Debug|x64.Build.0 = Debug|x64
		{9116A29F-76D6-493F-8A5B-C9CB07BB99F1}.Debug|x86.ActiveCfg = Debug|x86
		{9116A29F-76D6-493F-8A5B-C9CB07BB99F1}.Debug|x86.Build.0 = Debug|x86
		{9116A29F-76D6-493F-8A5B-C9CB07BB99F1}.Release|Any CPU.ActiveCfg = Release|Any CPU
		{9116A29F-76D6-493F-8A5B-C9CB07BB99F1}.Release|Any CPU.Build.0 = Release|Any CPU
		{9116A29F-76D6-493F-8A5B-C9CB07BB99F1}.Release|x64.ActiveCfg = Release|x64
		{9116A29F-76D6-493F-8A5B-C9CB07BB99F1}.Release|x64.Build.0 = Release|x64
		{9116A29F-76D6-493F-8A5B-C9CB07BB99F1}.Release|x86.ActiveCfg = Release|x86
		{9116A29F-76D6-493F-8A5B-C9CB07BB99F1}.Release|x86.Build.0 = Release|x86
		{8FE3F34F-5BAA-4795-879A-30E602659BD0}.Debug|Any CPU.ActiveCfg = Debug|Any CPU
		{8FE3F34F-5BAA-4795-879A-30E602659BD0}.Debug|Any CPU.Build.0 = Debug|Any CPU
		{8FE3F34F-5BAA-4795-879A-30E602659BD0}.Debug|x64.ActiveCfg = Debug|x64
		{8FE3F34F-5BAA-4795-879A-30E602659BD0}.Debug|x64.Build.0 = Debug|x64
		{8FE3F34F-5BAA-4795-879A-30E602659BD0}.Debug|x86.ActiveCfg = Debug|x86
		{8FE3F34F-5BAA-4795-879A-30E602659BD0}.Debug|x86.Build.0 = Debug|x86
		{8FE3F34F-5BAA-4795-879A-30E602659BD0}.Release|Any CPU.ActiveCfg = Release|Any CPU
		{8FE3F34F-5BAA-4795-879A-30E602659BD0}.Release|Any CPU.Build.0 = Release|Any CPU
		{8FE3F34F-5BAA-4795-879A-30E602659BD0}.Release|x64.ActiveCfg = Release|x64
		{8FE3F34F-5BAA-4795-879A-30E602659BD0}.Release|x64.Build.0 = Release|x64
		{8FE3F34F-5BAA-4795-879A-30E602659BD0}.Release|x86.ActiveCfg = Release|x86
		{8FE3F34F-5BAA-4795-879A-30E602659BD0}.Release|x86.Build.0 = Release|x86
		{C1BCFBEE-B7A8-41A2-9CC0-70E1C0D072BD}.Debug|Any CPU.ActiveCfg = Debug|Any CPU
		{C1BCFBEE-B7A8-41A2-9CC0-70E1C0D072BD}.Debug|Any CPU.Build.0 = Debug|Any CPU
		{C1BCFBEE-B7A8-41A2-9CC0-70E1C0D072BD}.Debug|x64.ActiveCfg = Debug|x64
		{C1BCFBEE-B7A8-41A2-9CC0-70E1C0D072BD}.Debug|x64.Build.0 = Debug|x64
		{C1BCFBEE-B7A8-41A2-9CC0-70E1C0D072BD}.Debug|x86.ActiveCfg = Debug|x86
		{C1BCFBEE-B7A8-41A2-9CC0-70E1C0D072BD}.Debug|x86.Build.0 = Debug|x86
		{C1BCFBEE-B7A8-41A2-9CC0-70E1C0D072BD}.Release|Any CPU.ActiveCfg = Release|Any CPU
		{C1BCFBEE-B7A8-41A2-9CC0-70E1C0D072BD}.Release|Any CPU.Build.0 = Release|Any CPU
		{C1BCFBEE-B7A8-41A2-9CC0-70E1C0D072BD}.Release|x64.ActiveCfg = Release|x64
		{C1BCFBEE-B7A8-41A2-9CC0-70E1C0D072BD}.Release|x64.Build.0 = Release|x64
		{C1BCFBEE-B7A8-41A2-9CC0-70E1C0D072BD}.Release|x86.ActiveCfg = Release|x86
		{C1BCFBEE-B7A8-41A2-9CC0-70E1C0D072BD}.Release|x86.Build.0 = Release|x86
	EndGlobalSection
	GlobalSection(NestedProjects) = preSolution
		{0E0BD98B-3FAB-4914-A735-5B12E0D673CC} = {746D7FBE-08C3-4069-AA05-E43A431967FA}
		{392916DE-5C18-4A8E-8876-AD4BBA7390FE} = {53372257-39E2-4747-B006-D91A91E916DE}
		{14DBED22-FF81-4110-9A4A-288D2F1BF2A5} = {53372257-39E2-4747-B006-D91A91E916DE}
		{1724EE64-1A73-401F-8387-43F7D0F203EE} = {53372257-39E2-4747-B006-D91A91E916DE}
		{8090FA5A-E517-4C78-BFEB-B61D99CDF25D} = {53372257-39E2-4747-B006-D91A91E916DE}
		{E4D978D8-6C8F-4217-AAE6-4238DD436259} = {53372257-39E2-4747-B006-D91A91E916DE}
		{04E6FBAD-2D1F-4759-937B-79DA2C1EE285} = {53372257-39E2-4747-B006-D91A91E916DE}
		{46BC16B1-2B2B-449E-B1F5-741F1D9D17C7} = {53372257-39E2-4747-B006-D91A91E916DE}
		{9116A29F-76D6-493F-8A5B-C9CB07BB99F1} = {7D66AB03-0490-490D-B125-496EE9FB2B2F}
		{8FE3F34F-5BAA-4795-879A-30E602659BD0} = {1CB7F38E-6DCE-4A2F-8DF3-25A6089A145D}
		{C1BCFBEE-B7A8-41A2-9CC0-70E1C0D072BD} = {1CB7F38E-6DCE-4A2F-8DF3-25A6089A145D}
	EndGlobalSection
EndGlobal
