
Microsoft Visual Studio Solution File, Format Version 12.00
# Visual Studio 2012
VisualStudioVersion = 12.0.40629.0
MinimumVisualStudioVersion = 10.0.40219.1
Project("{f2a71f9b-5d33-465a-a702-920d77279786}") = "Logary", "Logary\Logary.fsproj", "{F7E5B6E8-5D55-4974-9CA7-4C94D810631F}"
EndProject
Project("{2150E333-8FDC-42A3-9474-1A3956D46DE8}") = "examples", "examples", "{652F0AC7-EDBB-4B13-98C8-3FF6FBF38C90}"
	ProjectSection(SolutionItems) = preProject
		..\examples\heka\heka.fs = ..\examples\heka\heka.fs
	EndProjectSection
EndProject
Project("{f2a71f9b-5d33-465a-a702-920d77279786}") = "Logary.ConsoleApp", "..\examples\Logary.ConsoleApp\Logary.ConsoleApp.fsproj", "{178B23D3-F676-43C3-880D-9E0BEFBAF019}"
EndProject
Project("{f2a71f9b-5d33-465a-a702-920d77279786}") = "Logary.MetricsWriter", "..\examples\Logary.MetricsWriter\Logary.MetricsWriter.fsproj", "{1724A791-AC1F-4F79-9E1D-AB8F125B85BF}"
EndProject
Project("{f2a71f9b-5d33-465a-a702-920d77279786}") = "Logary.Tests", "tests\Logary.Tests\Logary.Tests.fsproj", "{886DFAE8-C01A-43E2-A275-7F1E41CA0342}"
EndProject
Project("{2150E333-8FDC-42A3-9474-1A3956D46DE8}") = "metrics", "metrics", "{152C4686-D809-4B56-8512-1DCD3469921B}"
EndProject
Project("{f2a71f9b-5d33-465a-a702-920d77279786}") = "Logary.Metrics.WinPerfCounters", "metrics\Logary.Metrics.WinPerfCounters\Logary.Metrics.WinPerfCounters.fsproj", "{DD5137FC-22E5-47DA-88F1-3D3F1E7E8381}"
EndProject
Project("{2150E333-8FDC-42A3-9474-1A3956D46DE8}") = "targets", "targets", "{9EDEE48D-A88E-40D4-A460-616047ACEE08}"
EndProject
Project("{f2a71f9b-5d33-465a-a702-920d77279786}") = "Logary.Targets.Heka", "targets\Logary.Targets.Heka\Logary.Targets.Heka.fsproj", "{BC4A5F70-0785-40D6-9EBE-4BB0E47A9EEC}"
EndProject
Project("{f2a71f9b-5d33-465a-a702-920d77279786}") = "Logary.Targets.Heka.Tests", "tests\Logary.Targets.Heka.Tests\Logary.Targets.Heka.Tests.fsproj", "{EDE8A833-C15D-47FE-BFF2-0A24FAA22728}"
EndProject
Project("{f2a71f9b-5d33-465a-a702-920d77279786}") = "Logary.Targets.Mailgun", "targets\Logary.Targets.Mailgun\Logary.Targets.Mailgun.fsproj", "{1F23C428-A95F-4977-BE77-3D626116CCB8}"
EndProject
Project("{f2a71f9b-5d33-465a-a702-920d77279786}") = "Logary.Targets.Mailgun.Tests", "targets\Logary.Targets.Mailgun.Tests\Logary.Targets.Mailgun.Tests.fsproj", "{E3C8C506-1B69-4EBC-89AE-24D686AA274C}"
EndProject
Project("{f2a71f9b-5d33-465a-a702-920d77279786}") = "Logary.Targets.InfluxDb", "targets\Logary.Targets.InfluxDb\Logary.Targets.InfluxDb.fsproj", "{4ACE8A29-6D75-4956-B45C-22C82EAFCFD5}"
EndProject
Project("{f2a71f9b-5d33-465a-a702-920d77279786}") = "Logary.Targets.InfluxDb.Tests", "targets\Logary.Targets.InfluxDb.Tests\Logary.Targets.InfluxDb.Tests.fsproj", "{647D929B-4ACE-4099-A25F-D7FF06588F88}"
EndProject
Project("{2150E333-8FDC-42A3-9474-1A3956D46DE8}") = "services", "services", "{7AF7A2EB-BFB3-485B-B403-CA757603A228}"
EndProject
Project("{f2a71f9b-5d33-465a-a702-920d77279786}") = "Logary.Services.Rutta", "services\Logary.Services.Rutta\Logary.Services.Rutta.fsproj", "{E88982FD-E257-41BA-A343-B56976CCB3A1}"
EndProject
Project("{f2a71f9b-5d33-465a-a702-920d77279786}") = "Logary.Services.Rutta.Tests", "tests\Logary.Services.Rutta.Tests\Logary.Services.Rutta.Tests.fsproj", "{698814F7-8E47-4272-9228-B498F949B1A2}"
EndProject
Project("{f2a71f9b-5d33-465a-a702-920d77279786}") = "Logary.Services.SuaveReporter", "services\Logary.Services.SuaveReporter\Logary.Services.SuaveReporter.fsproj", "{C76BBED8-93D4-4073-924C-3E5564EEA1DB}"
EndProject
Project("{2150E333-8FDC-42A3-9474-1A3956D46DE8}") = "adapters", "adapters", "{0375AB74-8796-4E3F-8436-8657EAE50D9D}"
EndProject
Project("{f2a71f9b-5d33-465a-a702-920d77279786}") = "Logary.Adapters.FsSql", "adapters\Logary.Adapters.FsSql\Logary.Adapters.FsSql.fsproj", "{6E3A10AE-BB8D-471B-B0EA-8B3879A5B6F9}"
EndProject
Project("{f2a71f9b-5d33-465a-a702-920d77279786}") = "Logary.Adapters.Hawk", "adapters\Logary.Adapters.Hawk\Logary.Adapters.Hawk.fsproj", "{9AF9D1E1-33A4-42C7-825F-D41CD3ECEBDD}"
EndProject
Global
	GlobalSection(SolutionConfigurationPlatforms) = preSolution
		Debug|Any CPU = Debug|Any CPU
		Release|Any CPU = Release|Any CPU
	EndGlobalSection
	GlobalSection(ProjectConfigurationPlatforms) = postSolution
		{1724A791-AC1F-4F79-9E1D-AB8F125B85BF}.Debug|Any CPU.ActiveCfg = Debug|Any CPU
		{1724A791-AC1F-4F79-9E1D-AB8F125B85BF}.Debug|Any CPU.Build.0 = Debug|Any CPU
		{1724A791-AC1F-4F79-9E1D-AB8F125B85BF}.Release|Any CPU.ActiveCfg = Release|Any CPU
		{1724A791-AC1F-4F79-9E1D-AB8F125B85BF}.Release|Any CPU.Build.0 = Release|Any CPU
		{178B23D3-F676-43C3-880D-9E0BEFBAF019}.Debug|Any CPU.ActiveCfg = Debug|Any CPU
		{178B23D3-F676-43C3-880D-9E0BEFBAF019}.Debug|Any CPU.Build.0 = Debug|Any CPU
		{178B23D3-F676-43C3-880D-9E0BEFBAF019}.Release|Any CPU.ActiveCfg = Release|Any CPU
		{178B23D3-F676-43C3-880D-9E0BEFBAF019}.Release|Any CPU.Build.0 = Release|Any CPU
		{1F23C428-A95F-4977-BE77-3D626116CCB8}.Debug|Any CPU.ActiveCfg = Debug|Any CPU
		{1F23C428-A95F-4977-BE77-3D626116CCB8}.Debug|Any CPU.Build.0 = Debug|Any CPU
		{1F23C428-A95F-4977-BE77-3D626116CCB8}.Release|Any CPU.ActiveCfg = Release|Any CPU
		{1F23C428-A95F-4977-BE77-3D626116CCB8}.Release|Any CPU.Build.0 = Release|Any CPU
		{4ACE8A29-6D75-4956-B45C-22C82EAFCFD5}.Debug|Any CPU.ActiveCfg = Debug|Any CPU
		{4ACE8A29-6D75-4956-B45C-22C82EAFCFD5}.Debug|Any CPU.Build.0 = Debug|Any CPU
		{4ACE8A29-6D75-4956-B45C-22C82EAFCFD5}.Release|Any CPU.ActiveCfg = Release|Any CPU
		{4ACE8A29-6D75-4956-B45C-22C82EAFCFD5}.Release|Any CPU.Build.0 = Release|Any CPU
		{647D929B-4ACE-4099-A25F-D7FF06588F88}.Debug|Any CPU.ActiveCfg = Debug|Any CPU
		{647D929B-4ACE-4099-A25F-D7FF06588F88}.Debug|Any CPU.Build.0 = Debug|Any CPU
		{647D929B-4ACE-4099-A25F-D7FF06588F88}.Release|Any CPU.ActiveCfg = Release|Any CPU
		{647D929B-4ACE-4099-A25F-D7FF06588F88}.Release|Any CPU.Build.0 = Release|Any CPU
		{698814F7-8E47-4272-9228-B498F949B1A2}.Debug|Any CPU.ActiveCfg = Debug|Any CPU
		{698814F7-8E47-4272-9228-B498F949B1A2}.Debug|Any CPU.Build.0 = Debug|Any CPU
		{698814F7-8E47-4272-9228-B498F949B1A2}.Release|Any CPU.ActiveCfg = Release|Any CPU
		{698814F7-8E47-4272-9228-B498F949B1A2}.Release|Any CPU.Build.0 = Release|Any CPU
		{6E3A10AE-BB8D-471B-B0EA-8B3879A5B6F9}.Debug|Any CPU.ActiveCfg = Debug|Any CPU
		{6E3A10AE-BB8D-471B-B0EA-8B3879A5B6F9}.Debug|Any CPU.Build.0 = Debug|Any CPU
		{6E3A10AE-BB8D-471B-B0EA-8B3879A5B6F9}.Release|Any CPU.ActiveCfg = Release|Any CPU
		{6E3A10AE-BB8D-471B-B0EA-8B3879A5B6F9}.Release|Any CPU.Build.0 = Release|Any CPU
		{886DFAE8-C01A-43E2-A275-7F1E41CA0342}.Debug|Any CPU.ActiveCfg = Debug|Any CPU
		{886DFAE8-C01A-43E2-A275-7F1E41CA0342}.Debug|Any CPU.Build.0 = Debug|Any CPU
		{886DFAE8-C01A-43E2-A275-7F1E41CA0342}.Release|Any CPU.ActiveCfg = Release|Any CPU
		{886DFAE8-C01A-43E2-A275-7F1E41CA0342}.Release|Any CPU.Build.0 = Release|Any CPU
		{9AF9D1E1-33A4-42C7-825F-D41CD3ECEBDD}.Debug|Any CPU.ActiveCfg = Debug|Any CPU
		{9AF9D1E1-33A4-42C7-825F-D41CD3ECEBDD}.Debug|Any CPU.Build.0 = Debug|Any CPU
		{9AF9D1E1-33A4-42C7-825F-D41CD3ECEBDD}.Release|Any CPU.ActiveCfg = Release|Any CPU
		{9AF9D1E1-33A4-42C7-825F-D41CD3ECEBDD}.Release|Any CPU.Build.0 = Release|Any CPU
		{BC4A5F70-0785-40D6-9EBE-4BB0E47A9EEC}.Debug|Any CPU.ActiveCfg = Debug|Any CPU
		{BC4A5F70-0785-40D6-9EBE-4BB0E47A9EEC}.Debug|Any CPU.Build.0 = Debug|Any CPU
		{BC4A5F70-0785-40D6-9EBE-4BB0E47A9EEC}.Release|Any CPU.ActiveCfg = Release|Any CPU
		{BC4A5F70-0785-40D6-9EBE-4BB0E47A9EEC}.Release|Any CPU.Build.0 = Release|Any CPU
		{C76BBED8-93D4-4073-924C-3E5564EEA1DB}.Debug|Any CPU.ActiveCfg = Debug|Any CPU
		{C76BBED8-93D4-4073-924C-3E5564EEA1DB}.Debug|Any CPU.Build.0 = Debug|Any CPU
		{C76BBED8-93D4-4073-924C-3E5564EEA1DB}.Release|Any CPU.ActiveCfg = Release|Any CPU
		{C76BBED8-93D4-4073-924C-3E5564EEA1DB}.Release|Any CPU.Build.0 = Release|Any CPU
		{DD5137FC-22E5-47DA-88F1-3D3F1E7E8381}.Debug|Any CPU.ActiveCfg = Debug|Any CPU
		{DD5137FC-22E5-47DA-88F1-3D3F1E7E8381}.Debug|Any CPU.Build.0 = Debug|Any CPU
		{DD5137FC-22E5-47DA-88F1-3D3F1E7E8381}.Release|Any CPU.ActiveCfg = Release|Any CPU
		{DD5137FC-22E5-47DA-88F1-3D3F1E7E8381}.Release|Any CPU.Build.0 = Release|Any CPU
		{E3C8C506-1B69-4EBC-89AE-24D686AA274C}.Debug|Any CPU.ActiveCfg = Debug|Any CPU
		{E3C8C506-1B69-4EBC-89AE-24D686AA274C}.Debug|Any CPU.Build.0 = Debug|Any CPU
		{E3C8C506-1B69-4EBC-89AE-24D686AA274C}.Release|Any CPU.ActiveCfg = Release|Any CPU
		{E3C8C506-1B69-4EBC-89AE-24D686AA274C}.Release|Any CPU.Build.0 = Release|Any CPU
		{E88982FD-E257-41BA-A343-B56976CCB3A1}.Debug|Any CPU.ActiveCfg = Debug|Any CPU
		{E88982FD-E257-41BA-A343-B56976CCB3A1}.Debug|Any CPU.Build.0 = Debug|Any CPU
		{E88982FD-E257-41BA-A343-B56976CCB3A1}.Release|Any CPU.ActiveCfg = Release|Any CPU
		{E88982FD-E257-41BA-A343-B56976CCB3A1}.Release|Any CPU.Build.0 = Release|Any CPU
		{EDE8A833-C15D-47FE-BFF2-0A24FAA22728}.Debug|Any CPU.ActiveCfg = Debug|Any CPU
		{EDE8A833-C15D-47FE-BFF2-0A24FAA22728}.Debug|Any CPU.Build.0 = Debug|Any CPU
		{EDE8A833-C15D-47FE-BFF2-0A24FAA22728}.Release|Any CPU.ActiveCfg = Release|Any CPU
		{EDE8A833-C15D-47FE-BFF2-0A24FAA22728}.Release|Any CPU.Build.0 = Release|Any CPU
		{F7E5B6E8-5D55-4974-9CA7-4C94D810631F}.Debug|Any CPU.ActiveCfg = Debug|Any CPU
		{F7E5B6E8-5D55-4974-9CA7-4C94D810631F}.Debug|Any CPU.Build.0 = Debug|Any CPU
		{F7E5B6E8-5D55-4974-9CA7-4C94D810631F}.Release|Any CPU.ActiveCfg = Release|Any CPU
		{F7E5B6E8-5D55-4974-9CA7-4C94D810631F}.Release|Any CPU.Build.0 = Release|Any CPU
	EndGlobalSection
	GlobalSection(NestedProjects) = preSolution
		{178B23D3-F676-43C3-880D-9E0BEFBAF019} = {652F0AC7-EDBB-4B13-98C8-3FF6FBF38C90}
		{1724A791-AC1F-4F79-9E1D-AB8F125B85BF} = {652F0AC7-EDBB-4B13-98C8-3FF6FBF38C90}
		{DD5137FC-22E5-47DA-88F1-3D3F1E7E8381} = {152C4686-D809-4B56-8512-1DCD3469921B}
		{BC4A5F70-0785-40D6-9EBE-4BB0E47A9EEC} = {9EDEE48D-A88E-40D4-A460-616047ACEE08}
		{EDE8A833-C15D-47FE-BFF2-0A24FAA22728} = {9EDEE48D-A88E-40D4-A460-616047ACEE08}
		{1F23C428-A95F-4977-BE77-3D626116CCB8} = {9EDEE48D-A88E-40D4-A460-616047ACEE08}
		{E3C8C506-1B69-4EBC-89AE-24D686AA274C} = {9EDEE48D-A88E-40D4-A460-616047ACEE08}
		{4ACE8A29-6D75-4956-B45C-22C82EAFCFD5} = {9EDEE48D-A88E-40D4-A460-616047ACEE08}
		{647D929B-4ACE-4099-A25F-D7FF06588F88} = {9EDEE48D-A88E-40D4-A460-616047ACEE08}
		{E88982FD-E257-41BA-A343-B56976CCB3A1} = {7AF7A2EB-BFB3-485B-B403-CA757603A228}
		{698814F7-8E47-4272-9228-B498F949B1A2} = {7AF7A2EB-BFB3-485B-B403-CA757603A228}
		{C76BBED8-93D4-4073-924C-3E5564EEA1DB} = {7AF7A2EB-BFB3-485B-B403-CA757603A228}
		{6E3A10AE-BB8D-471B-B0EA-8B3879A5B6F9} = {0375AB74-8796-4E3F-8436-8657EAE50D9D}
		{9AF9D1E1-33A4-42C7-825F-D41CD3ECEBDD} = {0375AB74-8796-4E3F-8436-8657EAE50D9D}
	EndGlobalSection
	GlobalSection(SolutionProperties) = preSolution
		HideSolutionNode = FALSE
	EndGlobalSection
EndGlobal
