
Microsoft Visual Studio Solution File, Format Version 12.00
# Visual Studio 2012
Project("{FAE04EC0-301F-11D3-BF4B-00C04F79EFBC}") = "Logary.CSharpExample", "Logary.CSharpExample.csproj", "{1C1A1003-40E3-4C79-A24B-0FC8667E6D28}"
EndProject
Global
	GlobalSection(SolutionConfigurationPlatforms) = preSolution
		Debug|Any CPU = Debug|Any CPU
		Release|Any CPU = Release|Any CPU
	EndGlobalSection
	GlobalSection(ProjectConfigurationPlatforms) = postSolution
		{1C1A1003-40E3-4C79-A24B-0FC8667E6D28}.Debug|Any CPU.ActiveCfg = Debug|Any CPU
		{1C1A1003-40E3-4C79-A24B-0FC8667E6D28}.Debug|Any CPU.Build.0 = Debug|Any CPU
		{1C1A1003-40E3-4C79-A24B-0FC8667E6D28}.Release|Any CPU.ActiveCfg = Release|Any CPU
		{1C1A1003-40E3-4C79-A24B-0FC8667E6D28}.Release|Any CPU.Build.0 = Release|Any CPU
	EndGlobalSection
EndGlobal
